// !$*UTF8*$!
{
	archiveVersion = 1;
	classes = {
	};
	objectVersion = 46;
	objects = {

/* Begin PBXBuildFile section */
		03CABBBE4BBF81FFDF480C51 /* Pods_InfoLED_ScannerUITests.framework in Frameworks */ = {isa = PBXBuildFile; fileRef = E5BEB5BA2479B51BC1AD7DAE /* Pods_InfoLED_ScannerUITests.framework */; };
		3D342E055BA2304BC552A874 /* Pods_InfoLED_ScannerTests.framework in Frameworks */ = {isa = PBXBuildFile; fileRef = AD7125C887D12D417B94EBE0 /* Pods_InfoLED_ScannerTests.framework */; };
		5EA320359BDFB3844387B388 /* Pods_InfoLED_Scanner.framework in Frameworks */ = {isa = PBXBuildFile; fileRef = 358AA2A1348289144F971F9B /* Pods_InfoLED_Scanner.framework */; };
		8C0152C621BE939200049838 /* CcLabel.swift in Sources */ = {isa = PBXBuildFile; fileRef = 8C0152C521BE939200049838 /* CcLabel.swift */; };
		8C0A93A52208F61F007E71E2 /* LensScene.sks in Resources */ = {isa = PBXBuildFile; fileRef = 8C0A93A42208F61F007E71E2 /* LensScene.sks */; };
		8C0A93A72208F698007E71E2 /* LensScene.swift in Sources */ = {isa = PBXBuildFile; fileRef = 8C0A93A62208F698007E71E2 /* LensScene.swift */; };
		8C12E5F81EAAE5F6007AE85A /* ILSImageDiff.swift in Sources */ = {isa = PBXBuildFile; fileRef = 8C12E5F71EAAE5F6007AE85A /* ILSImageDiff.swift */; };
		8C12E5FA1EAAEC69007AE85A /* ImageDiff.metal in Sources */ = {isa = PBXBuildFile; fileRef = 8C12E5F91EAAEC68007AE85A /* ImageDiff.metal */; };
		8C12E5FC1EAC07A1007AE85A /* MTLDeviceExtension.swift in Sources */ = {isa = PBXBuildFile; fileRef = 8C12E5FB1EAC07A1007AE85A /* MTLDeviceExtension.swift */; };
		8C17ADE122274A6F0011A24F /* EventLogger.swift in Sources */ = {isa = PBXBuildFile; fileRef = 8C17ADE022274A6F0011A24F /* EventLogger.swift */; };
		8C22D26221AA5FC20084DA77 /* HistoryProcessor.swift in Sources */ = {isa = PBXBuildFile; fileRef = 8C22D26121AA5FC20084DA77 /* HistoryProcessor.swift */; };
		8C2CC33C224B6FAC00981CD6 /* LensProtocol.swift in Sources */ = {isa = PBXBuildFile; fileRef = 8C2CC33B224B6FAC00981CD6 /* LensProtocol.swift */; };
		8C3747561C99921100EDDF23 /* AppDelegate.swift in Sources */ = {isa = PBXBuildFile; fileRef = 8C3747551C99921100EDDF23 /* AppDelegate.swift */; };
		8C3747581C99921100EDDF23 /* ViewController.swift in Sources */ = {isa = PBXBuildFile; fileRef = 8C3747571C99921100EDDF23 /* ViewController.swift */; };
		8C37475B1C99921100EDDF23 /* Main.storyboard in Resources */ = {isa = PBXBuildFile; fileRef = 8C3747591C99921100EDDF23 /* Main.storyboard */; };
		8C37475E1C99921100EDDF23 /* InfoLED_Scanner.xcdatamodeld in Sources */ = {isa = PBXBuildFile; fileRef = 8C37475C1C99921100EDDF23 /* InfoLED_Scanner.xcdatamodeld */; };
		8C3747601C99921100EDDF23 /* Assets.xcassets in Resources */ = {isa = PBXBuildFile; fileRef = 8C37475F1C99921100EDDF23 /* Assets.xcassets */; };
		8C3747631C99921100EDDF23 /* LaunchScreen.storyboard in Resources */ = {isa = PBXBuildFile; fileRef = 8C3747611C99921100EDDF23 /* LaunchScreen.storyboard */; };
		8C37476E1C99921200EDDF23 /* InfoLED_ScannerTests.swift in Sources */ = {isa = PBXBuildFile; fileRef = 8C37476D1C99921200EDDF23 /* InfoLED_ScannerTests.swift */; };
		8C3747791C99921200EDDF23 /* InfoLED_ScannerUITests.swift in Sources */ = {isa = PBXBuildFile; fileRef = 8C3747781C99921200EDDF23 /* InfoLED_ScannerUITests.swift */; };
		8C657362221F912E0099B5A8 /* SampleBufferProcessor.swift in Sources */ = {isa = PBXBuildFile; fileRef = 8C657361221F912E0099B5A8 /* SampleBufferProcessor.swift */; };
		8C89E678224B4D2100C8A79A /* ButtonLens.swift in Sources */ = {isa = PBXBuildFile; fileRef = 8C89E677224B4D2100C8A79A /* ButtonLens.swift */; };
		8C9A8EC12245F8ED00E1B444 /* FlowGraph.swift in Sources */ = {isa = PBXBuildFile; fileRef = 8C9A8EC02245F8ED00E1B444 /* FlowGraph.swift */; };
		8C9A8EC32246034400E1B444 /* FrameLensProcessor.swift in Sources */ = {isa = PBXBuildFile; fileRef = 8C9A8EC22246034400E1B444 /* FrameLensProcessor.swift */; };
		8C9EABD8222FBBD600E0371C /* 100cm.MOV in CopyFiles */ = {isa = PBXBuildFile; fileRef = 8C30B8BB222FAF9D00D22358 /* 100cm.MOV */; };
		8C9EABD9222FBBD600E0371C /* 20cm.MOV in CopyFiles */ = {isa = PBXBuildFile; fileRef = 8C30B8BC222FAF9D00D22358 /* 20cm.MOV */; };
		8C9EABDA222FBBD600E0371C /* 80cm.MOV in CopyFiles */ = {isa = PBXBuildFile; fileRef = 8C30B8BD222FAF9D00D22358 /* 80cm.MOV */; };
		8C9EABDB222FBBD600E0371C /* 40cm.MOV in CopyFiles */ = {isa = PBXBuildFile; fileRef = 8C30B8BE222FAF9D00D22358 /* 40cm.MOV */; };
		8C9EABDC222FBBD600E0371C /* 60cm.MOV in CopyFiles */ = {isa = PBXBuildFile; fileRef = 8C30B8BF222FAF9D00D22358 /* 60cm.MOV */; };
		8C9EABDD222FBBDB00E0371C /* 30cm.MOV in CopyFiles */ = {isa = PBXBuildFile; fileRef = 8C30B8C1222FAF9D00D22358 /* 30cm.MOV */; };
		8C9EABDE222FBBDB00E0371C /* 10cm.MOV in CopyFiles */ = {isa = PBXBuildFile; fileRef = 8C30B8C2222FAF9D00D22358 /* 10cm.MOV */; };
		8C9EABDF222FBBDB00E0371C /* 50cm.MOV in CopyFiles */ = {isa = PBXBuildFile; fileRef = 8C30B8C3222FAF9D00D22358 /* 50cm.MOV */; };
		8C9EABE0222FBBDB00E0371C /* 20cm.MOV in CopyFiles */ = {isa = PBXBuildFile; fileRef = 8C30B8C4222FAF9D00D22358 /* 20cm.MOV */; };
		8C9EABE1222FBBDB00E0371C /* 40cm.MOV in CopyFiles */ = {isa = PBXBuildFile; fileRef = 8C30B8C5222FAF9D00D22358 /* 40cm.MOV */; };
		8CAEECB522431ABA0043440A /* test.MOV in CopyFiles */ = {isa = PBXBuildFile; fileRef = 8CAEECB422431AB50043440A /* test.MOV */; };
		8CAEED0822435B640043440A /* 1_Dark__1m.MOV in CopyFiles */ = {isa = PBXBuildFile; fileRef = 8CAEECB922435AF00043440A /* 1_Dark__1m.MOV */; };
		8CAEED0922435B640043440A /* 1_Outdoor__5m.MOV in CopyFiles */ = {isa = PBXBuildFile; fileRef = 8CAEECBA22435AF00043440A /* 1_Outdoor__5m.MOV */; };
		8CAEED0A22435B640043440A /* 1_Outdoor__4m.MOV in CopyFiles */ = {isa = PBXBuildFile; fileRef = 8CAEECBB22435AF00043440A /* 1_Outdoor__4m.MOV */; };
		8CAEED0B22435B640043440A /* 1_Office__1m.MOV in CopyFiles */ = {isa = PBXBuildFile; fileRef = 8CAEECBC22435AF00043440A /* 1_Office__1m.MOV */; };
		8CAEED0C22435B640043440A /* 1_Outdoor__3m.MOV in CopyFiles */ = {isa = PBXBuildFile; fileRef = 8CAEECBD22435AF00043440A /* 1_Outdoor__3m.MOV */; };
		8CAEED0D22435B640043440A /* 1_Outdoor__2m.MOV in CopyFiles */ = {isa = PBXBuildFile; fileRef = 8CAEECBE22435AF00043440A /* 1_Outdoor__2m.MOV */; };
		8CAEED0E22435B640043440A /* 1_Outdoor__1m.MOV in CopyFiles */ = {isa = PBXBuildFile; fileRef = 8CAEECBF22435AF00043440A /* 1_Outdoor__1m.MOV */; };
		8CAEED0F22435B640043440A /* 1_Dark__5m.MOV in CopyFiles */ = {isa = PBXBuildFile; fileRef = 8CAEECC022435AF00043440A /* 1_Dark__5m.MOV */; };
		8CAEED1022435B640043440A /* 1_Office__4m.MOV in CopyFiles */ = {isa = PBXBuildFile; fileRef = 8CAEECC122435AF00043440A /* 1_Office__4m.MOV */; };
		8CAEED1122435B640043440A /* 1_Office__5m.MOV in CopyFiles */ = {isa = PBXBuildFile; fileRef = 8CAEECC222435AF00043440A /* 1_Office__5m.MOV */; };
		8CAEED1222435B640043440A /* 1_Dark__4m.MOV in CopyFiles */ = {isa = PBXBuildFile; fileRef = 8CAEECC322435AF00043440A /* 1_Dark__4m.MOV */; };
		8CAEED1322435B640043440A /* 1_Outdoor__7m.MOV in CopyFiles */ = {isa = PBXBuildFile; fileRef = 8CAEECC422435AF00043440A /* 1_Outdoor__7m.MOV */; };
		8CAEED1422435B640043440A /* 1_Dark__3m.MOV in CopyFiles */ = {isa = PBXBuildFile; fileRef = 8CAEECC522435AF00043440A /* 1_Dark__3m.MOV */; };
		8CAEED1522435B640043440A /* 1_Office__2m.MOV in CopyFiles */ = {isa = PBXBuildFile; fileRef = 8CAEECC622435AF00043440A /* 1_Office__2m.MOV */; };
		8CAEED1622435B640043440A /* 1_Office__3m.MOV in CopyFiles */ = {isa = PBXBuildFile; fileRef = 8CAEECC722435AF00043440A /* 1_Office__3m.MOV */; };
		8CAEED1722435B640043440A /* 1_Dark__2m.MOV in CopyFiles */ = {isa = PBXBuildFile; fileRef = 8CAEECC822435AF00043440A /* 1_Dark__2m.MOV */; };
		8CAEED1822435B640043440A /* 1_Outdoor__6m.MOV in CopyFiles */ = {isa = PBXBuildFile; fileRef = 8CAEECC922435AF00043440A /* 1_Outdoor__6m.MOV */; };
		8CAEED1922435B6B0043440A /* 2_Dark__3m.MOV in CopyFiles */ = {isa = PBXBuildFile; fileRef = 8CAEECCC22435AF00043440A /* 2_Dark__3m.MOV */; };
		8CAEED1A22435B6B0043440A /* 2_Dark__2m.MOV in CopyFiles */ = {isa = PBXBuildFile; fileRef = 8CAEECCD22435AF00043440A /* 2_Dark__2m.MOV */; };
		8CAEED1B22435B6B0043440A /* 2_Outdoor__1m.MOV in CopyFiles */ = {isa = PBXBuildFile; fileRef = 8CAEECCE22435AF00043440A /* 2_Outdoor__1m.MOV */; };
		8CAEED1C22435B6B0043440A /* 2_Outdoor__6m.MOV in CopyFiles */ = {isa = PBXBuildFile; fileRef = 8CAEECCF22435AF00043440A /* 2_Outdoor__6m.MOV */; };
		8CAEED1D22435B6B0043440A /* 2_Dark__5m.MOV in CopyFiles */ = {isa = PBXBuildFile; fileRef = 8CAEECD022435AF00043440A /* 2_Dark__5m.MOV */; };
		8CAEED1E22435B6B0043440A /* 2_Office__1m.MOV in CopyFiles */ = {isa = PBXBuildFile; fileRef = 8CAEECD122435AF00043440A /* 2_Office__1m.MOV */; };
		8CAEED1F22435B6B0043440A /* 2_Dark__4m.MOV in CopyFiles */ = {isa = PBXBuildFile; fileRef = 8CAEECD222435AF00043440A /* 2_Dark__4m.MOV */; };
		8CAEED2022435B6B0043440A /* 2_Outdoor__7m.MOV in CopyFiles */ = {isa = PBXBuildFile; fileRef = 8CAEECD322435AF00043440A /* 2_Outdoor__7m.MOV */; };
		8CAEED2122435B6B0043440A /* 2_Outdoor__4m.MOV in CopyFiles */ = {isa = PBXBuildFile; fileRef = 8CAEECD422435AF00043440A /* 2_Outdoor__4m.MOV */; };
		8CAEED2222435B6B0043440A /* 2_Office__2m.MOV in CopyFiles */ = {isa = PBXBuildFile; fileRef = 8CAEECD522435AF10043440A /* 2_Office__2m.MOV */; };
		8CAEED2322435B6B0043440A /* 2_Office__3m.MOV in CopyFiles */ = {isa = PBXBuildFile; fileRef = 8CAEECD622435AF10043440A /* 2_Office__3m.MOV */; };
		8CAEED2422435B6B0043440A /* 2_Outdoor__5m.MOV in CopyFiles */ = {isa = PBXBuildFile; fileRef = 8CAEECD722435AF10043440A /* 2_Outdoor__5m.MOV */; };
		8CAEED2522435B6B0043440A /* 2_Office__4m.MOV in CopyFiles */ = {isa = PBXBuildFile; fileRef = 8CAEECD822435AF10043440A /* 2_Office__4m.MOV */; };
		8CAEED2622435B6B0043440A /* 2_Dark__1m.MOV in CopyFiles */ = {isa = PBXBuildFile; fileRef = 8CAEECD922435AF10043440A /* 2_Dark__1m.MOV */; };
		8CAEED2722435B6B0043440A /* 2_Outdoor__2m.MOV in CopyFiles */ = {isa = PBXBuildFile; fileRef = 8CAEECDA22435AF10043440A /* 2_Outdoor__2m.MOV */; };
		8CAEED2822435B6B0043440A /* 2_Outdoor__3m.MOV in CopyFiles */ = {isa = PBXBuildFile; fileRef = 8CAEECDB22435AF10043440A /* 2_Outdoor__3m.MOV */; };
		8CAEED2922435B6B0043440A /* 2_Office__5m.MOV in CopyFiles */ = {isa = PBXBuildFile; fileRef = 8CAEECDC22435AF10043440A /* 2_Office__5m.MOV */; };
		8CAEEDB222437E6D0043440A /* Lens.swift in Sources */ = {isa = PBXBuildFile; fileRef = 8CAEEDB122437E6D0043440A /* Lens.swift */; };
		8CBB8BE01CED5A0100C2C280 /* FpsCounter.swift in Sources */ = {isa = PBXBuildFile; fileRef = 8CBB8BDF1CED5A0100C2C280 /* FpsCounter.swift */; };
		8CBB8BE21CED5A2D00C2C280 /* Queue.swift in Sources */ = {isa = PBXBuildFile; fileRef = 8CBB8BE11CED5A2D00C2C280 /* Queue.swift */; };
		8CD22B6D220E36960086B704 /* LensNode.swift in Sources */ = {isa = PBXBuildFile; fileRef = 8CD22B6C220E36960086B704 /* LensNode.swift */; };
		8CD22B6F221219740086B704 /* HistoryLens.swift in Sources */ = {isa = PBXBuildFile; fileRef = 8CD22B6E221219740086B704 /* HistoryLens.swift */; };
		8CD22B7122121B120086B704 /* Constants.swift in Sources */ = {isa = PBXBuildFile; fileRef = 8CD22B7022121B120086B704 /* Constants.swift */; };
		8CD64427224702C700802CB4 /* BoundingBoxConverter.swift in Sources */ = {isa = PBXBuildFile; fileRef = 8CD64426224702C700802CB4 /* BoundingBoxConverter.swift */; };
		8CD64454224879C800802CB4 /* DebugLens.swift in Sources */ = {isa = PBXBuildFile; fileRef = 8CD64453224879C800802CB4 /* DebugLens.swift */; };
		8CD644562248A1A900802CB4 /* SwitchLens.swift in Sources */ = {isa = PBXBuildFile; fileRef = 8CD644552248A1A900802CB4 /* SwitchLens.swift */; };
		8CD6445E2248B3D700802CB4 /* secret.xcconfig in Resources */ = {isa = PBXBuildFile; fileRef = 8CD6445B2248B3D700802CB4 /* secret.xcconfig */; };
		8CD644622248BBF700802CB4 /* ParticleAppliancesManager.swift in Sources */ = {isa = PBXBuildFile; fileRef = 8CD644612248BBF700802CB4 /* ParticleAppliancesManager.swift */; };
		8CD644642248BC4C00802CB4 /* ParticleAppliance.swift in Sources */ = {isa = PBXBuildFile; fileRef = 8CD644632248BC4C00802CB4 /* ParticleAppliance.swift */; };
/* End PBXBuildFile section */

/* Begin PBXContainerItemProxy section */
		8C37476A1C99921200EDDF23 /* PBXContainerItemProxy */ = {
			isa = PBXContainerItemProxy;
			containerPortal = 8C37474A1C99921100EDDF23 /* Project object */;
			proxyType = 1;
			remoteGlobalIDString = 8C3747511C99921100EDDF23;
			remoteInfo = "InfoLED Scanner";
		};
		8C3747751C99921200EDDF23 /* PBXContainerItemProxy */ = {
			isa = PBXContainerItemProxy;
			containerPortal = 8C37474A1C99921100EDDF23 /* Project object */;
			proxyType = 1;
			remoteGlobalIDString = 8C3747511C99921100EDDF23;
			remoteInfo = "InfoLED Scanner";
		};
/* End PBXContainerItemProxy section */

/* Begin PBXCopyFilesBuildPhase section */
		8C9EABCB222FBAD700E0371C /* CopyFiles */ = {
			isa = PBXCopyFilesBuildPhase;
			buildActionMask = 2147483647;
			dstPath = "03-05/2x";
			dstSubfolderSpec = 7;
			files = (
				8C9EABD8222FBBD600E0371C /* 100cm.MOV in CopyFiles */,
				8C9EABD9222FBBD600E0371C /* 20cm.MOV in CopyFiles */,
				8C9EABDA222FBBD600E0371C /* 80cm.MOV in CopyFiles */,
				8C9EABDB222FBBD600E0371C /* 40cm.MOV in CopyFiles */,
				8C9EABDC222FBBD600E0371C /* 60cm.MOV in CopyFiles */,
			);
			runOnlyForDeploymentPostprocessing = 0;
		};
		8C9EABD1222FBB0000E0371C /* CopyFiles */ = {
			isa = PBXCopyFilesBuildPhase;
			buildActionMask = 2147483647;
			dstPath = "03-05/1x";
			dstSubfolderSpec = 7;
			files = (
				8C9EABDD222FBBDB00E0371C /* 30cm.MOV in CopyFiles */,
				8C9EABDE222FBBDB00E0371C /* 10cm.MOV in CopyFiles */,
				8C9EABDF222FBBDB00E0371C /* 50cm.MOV in CopyFiles */,
				8C9EABE0222FBBDB00E0371C /* 20cm.MOV in CopyFiles */,
				8C9EABE1222FBBDB00E0371C /* 40cm.MOV in CopyFiles */,
			);
			runOnlyForDeploymentPostprocessing = 0;
		};
		8CAEECB0224317E90043440A /* CopyFiles */ = {
			isa = PBXCopyFilesBuildPhase;
			buildActionMask = 2147483647;
			dstPath = Pilot;
			dstSubfolderSpec = 7;
			files = (
				8CAEECB522431ABA0043440A /* test.MOV in CopyFiles */,
			);
			runOnlyForDeploymentPostprocessing = 0;
		};
		8CAEECE522435B090043440A /* CopyFiles */ = {
			isa = PBXCopyFilesBuildPhase;
			buildActionMask = 2147483647;
			dstPath = Study;
			dstSubfolderSpec = 7;
			files = (
				8CAEED1922435B6B0043440A /* 2_Dark__3m.MOV in CopyFiles */,
				8CAEED1A22435B6B0043440A /* 2_Dark__2m.MOV in CopyFiles */,
				8CAEED1B22435B6B0043440A /* 2_Outdoor__1m.MOV in CopyFiles */,
				8CAEED1C22435B6B0043440A /* 2_Outdoor__6m.MOV in CopyFiles */,
				8CAEED1D22435B6B0043440A /* 2_Dark__5m.MOV in CopyFiles */,
				8CAEED1E22435B6B0043440A /* 2_Office__1m.MOV in CopyFiles */,
				8CAEED1F22435B6B0043440A /* 2_Dark__4m.MOV in CopyFiles */,
				8CAEED2022435B6B0043440A /* 2_Outdoor__7m.MOV in CopyFiles */,
				8CAEED2122435B6B0043440A /* 2_Outdoor__4m.MOV in CopyFiles */,
				8CAEED2222435B6B0043440A /* 2_Office__2m.MOV in CopyFiles */,
				8CAEED2322435B6B0043440A /* 2_Office__3m.MOV in CopyFiles */,
				8CAEED2422435B6B0043440A /* 2_Outdoor__5m.MOV in CopyFiles */,
				8CAEED2522435B6B0043440A /* 2_Office__4m.MOV in CopyFiles */,
				8CAEED2622435B6B0043440A /* 2_Dark__1m.MOV in CopyFiles */,
				8CAEED2722435B6B0043440A /* 2_Outdoor__2m.MOV in CopyFiles */,
				8CAEED2822435B6B0043440A /* 2_Outdoor__3m.MOV in CopyFiles */,
				8CAEED2922435B6B0043440A /* 2_Office__5m.MOV in CopyFiles */,
				8CAEED0822435B640043440A /* 1_Dark__1m.MOV in CopyFiles */,
				8CAEED0922435B640043440A /* 1_Outdoor__5m.MOV in CopyFiles */,
				8CAEED0A22435B640043440A /* 1_Outdoor__4m.MOV in CopyFiles */,
				8CAEED0B22435B640043440A /* 1_Office__1m.MOV in CopyFiles */,
				8CAEED0C22435B640043440A /* 1_Outdoor__3m.MOV in CopyFiles */,
				8CAEED0D22435B640043440A /* 1_Outdoor__2m.MOV in CopyFiles */,
				8CAEED0E22435B640043440A /* 1_Outdoor__1m.MOV in CopyFiles */,
				8CAEED0F22435B640043440A /* 1_Dark__5m.MOV in CopyFiles */,
				8CAEED1022435B640043440A /* 1_Office__4m.MOV in CopyFiles */,
				8CAEED1122435B640043440A /* 1_Office__5m.MOV in CopyFiles */,
				8CAEED1222435B640043440A /* 1_Dark__4m.MOV in CopyFiles */,
				8CAEED1322435B640043440A /* 1_Outdoor__7m.MOV in CopyFiles */,
				8CAEED1422435B640043440A /* 1_Dark__3m.MOV in CopyFiles */,
				8CAEED1522435B640043440A /* 1_Office__2m.MOV in CopyFiles */,
				8CAEED1622435B640043440A /* 1_Office__3m.MOV in CopyFiles */,
				8CAEED1722435B640043440A /* 1_Dark__2m.MOV in CopyFiles */,
				8CAEED1822435B640043440A /* 1_Outdoor__6m.MOV in CopyFiles */,
			);
			runOnlyForDeploymentPostprocessing = 0;
		};
/* End PBXCopyFilesBuildPhase section */

/* Begin PBXFileReference section */
		1366511913559A9151392AE6 /* Pods-InfoLED ScannerUITests.debug.xcconfig */ = {isa = PBXFileReference; includeInIndex = 1; lastKnownFileType = text.xcconfig; name = "Pods-InfoLED ScannerUITests.debug.xcconfig"; path = "Pods/Target Support Files/Pods-InfoLED ScannerUITests/Pods-InfoLED ScannerUITests.debug.xcconfig"; sourceTree = "<group>"; };
		358AA2A1348289144F971F9B /* Pods_InfoLED_Scanner.framework */ = {isa = PBXFileReference; explicitFileType = wrapper.framework; includeInIndex = 0; path = Pods_InfoLED_Scanner.framework; sourceTree = BUILT_PRODUCTS_DIR; };
		5828379CADF051A875E3CA7C /* Pods-InfoLED Scanner.release.xcconfig */ = {isa = PBXFileReference; includeInIndex = 1; lastKnownFileType = text.xcconfig; name = "Pods-InfoLED Scanner.release.xcconfig"; path = "Pods/Target Support Files/Pods-InfoLED Scanner/Pods-InfoLED Scanner.release.xcconfig"; sourceTree = "<group>"; };
		8361038EFA1653112F28A80D /* Pods-InfoLED ScannerUITests.release.xcconfig */ = {isa = PBXFileReference; includeInIndex = 1; lastKnownFileType = text.xcconfig; name = "Pods-InfoLED ScannerUITests.release.xcconfig"; path = "Pods/Target Support Files/Pods-InfoLED ScannerUITests/Pods-InfoLED ScannerUITests.release.xcconfig"; sourceTree = "<group>"; };
		8C0152C521BE939200049838 /* CcLabel.swift */ = {isa = PBXFileReference; lastKnownFileType = sourcecode.swift; path = CcLabel.swift; sourceTree = "<group>"; };
		8C0A93A42208F61F007E71E2 /* LensScene.sks */ = {isa = PBXFileReference; lastKnownFileType = file.sks; path = LensScene.sks; sourceTree = "<group>"; };
		8C0A93A62208F698007E71E2 /* LensScene.swift */ = {isa = PBXFileReference; lastKnownFileType = sourcecode.swift; path = LensScene.swift; sourceTree = "<group>"; };
		8C12E5F71EAAE5F6007AE85A /* ILSImageDiff.swift */ = {isa = PBXFileReference; fileEncoding = 4; lastKnownFileType = sourcecode.swift; path = ILSImageDiff.swift; sourceTree = "<group>"; };
		8C12E5F91EAAEC68007AE85A /* ImageDiff.metal */ = {isa = PBXFileReference; fileEncoding = 4; lastKnownFileType = sourcecode.metal; path = ImageDiff.metal; sourceTree = "<group>"; };
		8C12E5FB1EAC07A1007AE85A /* MTLDeviceExtension.swift */ = {isa = PBXFileReference; fileEncoding = 4; lastKnownFileType = sourcecode.swift; path = MTLDeviceExtension.swift; sourceTree = "<group>"; };
		8C17ADE022274A6F0011A24F /* EventLogger.swift */ = {isa = PBXFileReference; lastKnownFileType = sourcecode.swift; path = EventLogger.swift; sourceTree = "<group>"; };
		8C17ADE222290B490011A24F /* IMG_5695.MOV */ = {isa = PBXFileReference; lastKnownFileType = video.quicktime; path = IMG_5695.MOV; sourceTree = "<group>"; };
		8C17ADE322290B490011A24F /* IMG_5696.MOV */ = {isa = PBXFileReference; lastKnownFileType = video.quicktime; path = IMG_5696.MOV; sourceTree = "<group>"; };
		8C22D26121AA5FC20084DA77 /* HistoryProcessor.swift */ = {isa = PBXFileReference; lastKnownFileType = sourcecode.swift; path = HistoryProcessor.swift; sourceTree = "<group>"; };
		8C2CC33B224B6FAC00981CD6 /* LensProtocol.swift */ = {isa = PBXFileReference; lastKnownFileType = sourcecode.swift; path = LensProtocol.swift; sourceTree = "<group>"; };
		8C30B8BB222FAF9D00D22358 /* 100cm.MOV */ = {isa = PBXFileReference; lastKnownFileType = video.quicktime; name = 100cm.MOV; path = "InfoLED TestData/03-05/2x/100cm.MOV"; sourceTree = SOURCE_ROOT; };
		8C30B8BC222FAF9D00D22358 /* 20cm.MOV */ = {isa = PBXFileReference; lastKnownFileType = video.quicktime; name = 20cm.MOV; path = "InfoLED TestData/03-05/2x/20cm.MOV"; sourceTree = SOURCE_ROOT; };
		8C30B8BD222FAF9D00D22358 /* 80cm.MOV */ = {isa = PBXFileReference; lastKnownFileType = video.quicktime; name = 80cm.MOV; path = "InfoLED TestData/03-05/2x/80cm.MOV"; sourceTree = SOURCE_ROOT; };
		8C30B8BE222FAF9D00D22358 /* 40cm.MOV */ = {isa = PBXFileReference; lastKnownFileType = video.quicktime; name = 40cm.MOV; path = "InfoLED TestData/03-05/2x/40cm.MOV"; sourceTree = SOURCE_ROOT; };
		8C30B8BF222FAF9D00D22358 /* 60cm.MOV */ = {isa = PBXFileReference; lastKnownFileType = video.quicktime; name = 60cm.MOV; path = "InfoLED TestData/03-05/2x/60cm.MOV"; sourceTree = SOURCE_ROOT; };
		8C30B8C1222FAF9D00D22358 /* 30cm.MOV */ = {isa = PBXFileReference; lastKnownFileType = video.quicktime; name = 30cm.MOV; path = "InfoLED TestData/03-05/1x/30cm.MOV"; sourceTree = SOURCE_ROOT; };
		8C30B8C2222FAF9D00D22358 /* 10cm.MOV */ = {isa = PBXFileReference; lastKnownFileType = video.quicktime; name = 10cm.MOV; path = "InfoLED TestData/03-05/1x/10cm.MOV"; sourceTree = SOURCE_ROOT; };
		8C30B8C3222FAF9D00D22358 /* 50cm.MOV */ = {isa = PBXFileReference; lastKnownFileType = video.quicktime; name = 50cm.MOV; path = "InfoLED TestData/03-05/1x/50cm.MOV"; sourceTree = SOURCE_ROOT; };
		8C30B8C4222FAF9D00D22358 /* 20cm.MOV */ = {isa = PBXFileReference; lastKnownFileType = video.quicktime; name = 20cm.MOV; path = "InfoLED TestData/03-05/1x/20cm.MOV"; sourceTree = SOURCE_ROOT; };
		8C30B8C5222FAF9D00D22358 /* 40cm.MOV */ = {isa = PBXFileReference; lastKnownFileType = video.quicktime; name = 40cm.MOV; path = "InfoLED TestData/03-05/1x/40cm.MOV"; sourceTree = SOURCE_ROOT; };
		8C3747521C99921100EDDF23 /* InfoLED Scanner.app */ = {isa = PBXFileReference; explicitFileType = wrapper.application; includeInIndex = 0; path = "InfoLED Scanner.app"; sourceTree = BUILT_PRODUCTS_DIR; };
		8C3747551C99921100EDDF23 /* AppDelegate.swift */ = {isa = PBXFileReference; lastKnownFileType = sourcecode.swift; path = AppDelegate.swift; sourceTree = "<group>"; };
		8C3747571C99921100EDDF23 /* ViewController.swift */ = {isa = PBXFileReference; lastKnownFileType = sourcecode.swift; path = ViewController.swift; sourceTree = "<group>"; };
		8C37475A1C99921100EDDF23 /* Base */ = {isa = PBXFileReference; lastKnownFileType = file.storyboard; name = Base; path = Base.lproj/Main.storyboard; sourceTree = "<group>"; };
		8C37475D1C99921100EDDF23 /* InfoLED_Scanner.xcdatamodel */ = {isa = PBXFileReference; lastKnownFileType = wrapper.xcdatamodel; path = InfoLED_Scanner.xcdatamodel; sourceTree = "<group>"; };
		8C37475F1C99921100EDDF23 /* Assets.xcassets */ = {isa = PBXFileReference; lastKnownFileType = folder.assetcatalog; path = Assets.xcassets; sourceTree = "<group>"; };
		8C3747621C99921100EDDF23 /* Base */ = {isa = PBXFileReference; lastKnownFileType = file.storyboard; name = Base; path = Base.lproj/LaunchScreen.storyboard; sourceTree = "<group>"; };
		8C3747641C99921100EDDF23 /* Info.plist */ = {isa = PBXFileReference; lastKnownFileType = text.plist.xml; path = Info.plist; sourceTree = "<group>"; };
		8C3747691C99921200EDDF23 /* InfoLED ScannerTests.xctest */ = {isa = PBXFileReference; explicitFileType = wrapper.cfbundle; includeInIndex = 0; path = "InfoLED ScannerTests.xctest"; sourceTree = BUILT_PRODUCTS_DIR; };
		8C37476D1C99921200EDDF23 /* InfoLED_ScannerTests.swift */ = {isa = PBXFileReference; lastKnownFileType = sourcecode.swift; path = InfoLED_ScannerTests.swift; sourceTree = "<group>"; };
		8C37476F1C99921200EDDF23 /* Info.plist */ = {isa = PBXFileReference; lastKnownFileType = text.plist.xml; path = Info.plist; sourceTree = "<group>"; };
		8C3747741C99921200EDDF23 /* InfoLED ScannerUITests.xctest */ = {isa = PBXFileReference; explicitFileType = wrapper.cfbundle; includeInIndex = 0; path = "InfoLED ScannerUITests.xctest"; sourceTree = BUILT_PRODUCTS_DIR; };
		8C3747781C99921200EDDF23 /* InfoLED_ScannerUITests.swift */ = {isa = PBXFileReference; lastKnownFileType = sourcecode.swift; path = InfoLED_ScannerUITests.swift; sourceTree = "<group>"; };
		8C37477A1C99921200EDDF23 /* Info.plist */ = {isa = PBXFileReference; lastKnownFileType = text.plist.xml; path = Info.plist; sourceTree = "<group>"; };
		8C657361221F912E0099B5A8 /* SampleBufferProcessor.swift */ = {isa = PBXFileReference; lastKnownFileType = sourcecode.swift; path = SampleBufferProcessor.swift; sourceTree = "<group>"; };
		8C657364221FA3700099B5A8 /* IMG_5622.MOV */ = {isa = PBXFileReference; lastKnownFileType = video.quicktime; path = IMG_5622.MOV; sourceTree = "<group>"; };
		8C89E677224B4D2100C8A79A /* ButtonLens.swift */ = {isa = PBXFileReference; lastKnownFileType = sourcecode.swift; path = ButtonLens.swift; sourceTree = "<group>"; };
		8C9A8EC02245F8ED00E1B444 /* FlowGraph.swift */ = {isa = PBXFileReference; lastKnownFileType = sourcecode.swift; path = FlowGraph.swift; sourceTree = "<group>"; };
		8C9A8EC22246034400E1B444 /* FrameLensProcessor.swift */ = {isa = PBXFileReference; lastKnownFileType = sourcecode.swift; path = FrameLensProcessor.swift; sourceTree = "<group>"; };
		8CAEECB422431AB50043440A /* test.MOV */ = {isa = PBXFileReference; lastKnownFileType = video.quicktime; path = test.MOV; sourceTree = "<group>"; };
		8CAEECB722435AF00043440A /* strip_recording_name.py */ = {isa = PBXFileReference; lastKnownFileType = text.script.python; path = strip_recording_name.py; sourceTree = "<group>"; };
		8CAEECB922435AF00043440A /* 1_Dark__1m.MOV */ = {isa = PBXFileReference; lastKnownFileType = video.quicktime; path = 1_Dark__1m.MOV; sourceTree = "<group>"; };
		8CAEECBA22435AF00043440A /* 1_Outdoor__5m.MOV */ = {isa = PBXFileReference; lastKnownFileType = video.quicktime; path = 1_Outdoor__5m.MOV; sourceTree = "<group>"; };
		8CAEECBB22435AF00043440A /* 1_Outdoor__4m.MOV */ = {isa = PBXFileReference; lastKnownFileType = video.quicktime; path = 1_Outdoor__4m.MOV; sourceTree = "<group>"; };
		8CAEECBC22435AF00043440A /* 1_Office__1m.MOV */ = {isa = PBXFileReference; lastKnownFileType = video.quicktime; path = 1_Office__1m.MOV; sourceTree = "<group>"; };
		8CAEECBD22435AF00043440A /* 1_Outdoor__3m.MOV */ = {isa = PBXFileReference; lastKnownFileType = video.quicktime; path = 1_Outdoor__3m.MOV; sourceTree = "<group>"; };
		8CAEECBE22435AF00043440A /* 1_Outdoor__2m.MOV */ = {isa = PBXFileReference; lastKnownFileType = video.quicktime; path = 1_Outdoor__2m.MOV; sourceTree = "<group>"; };
		8CAEECBF22435AF00043440A /* 1_Outdoor__1m.MOV */ = {isa = PBXFileReference; lastKnownFileType = video.quicktime; path = 1_Outdoor__1m.MOV; sourceTree = "<group>"; };
		8CAEECC022435AF00043440A /* 1_Dark__5m.MOV */ = {isa = PBXFileReference; lastKnownFileType = video.quicktime; path = 1_Dark__5m.MOV; sourceTree = "<group>"; };
		8CAEECC122435AF00043440A /* 1_Office__4m.MOV */ = {isa = PBXFileReference; lastKnownFileType = video.quicktime; path = 1_Office__4m.MOV; sourceTree = "<group>"; };
		8CAEECC222435AF00043440A /* 1_Office__5m.MOV */ = {isa = PBXFileReference; lastKnownFileType = video.quicktime; path = 1_Office__5m.MOV; sourceTree = "<group>"; };
		8CAEECC322435AF00043440A /* 1_Dark__4m.MOV */ = {isa = PBXFileReference; lastKnownFileType = video.quicktime; path = 1_Dark__4m.MOV; sourceTree = "<group>"; };
		8CAEECC422435AF00043440A /* 1_Outdoor__7m.MOV */ = {isa = PBXFileReference; lastKnownFileType = video.quicktime; path = 1_Outdoor__7m.MOV; sourceTree = "<group>"; };
		8CAEECC522435AF00043440A /* 1_Dark__3m.MOV */ = {isa = PBXFileReference; lastKnownFileType = video.quicktime; path = 1_Dark__3m.MOV; sourceTree = "<group>"; };
		8CAEECC622435AF00043440A /* 1_Office__2m.MOV */ = {isa = PBXFileReference; lastKnownFileType = video.quicktime; path = 1_Office__2m.MOV; sourceTree = "<group>"; };
		8CAEECC722435AF00043440A /* 1_Office__3m.MOV */ = {isa = PBXFileReference; lastKnownFileType = video.quicktime; path = 1_Office__3m.MOV; sourceTree = "<group>"; };
		8CAEECC822435AF00043440A /* 1_Dark__2m.MOV */ = {isa = PBXFileReference; lastKnownFileType = video.quicktime; path = 1_Dark__2m.MOV; sourceTree = "<group>"; };
		8CAEECC922435AF00043440A /* 1_Outdoor__6m.MOV */ = {isa = PBXFileReference; lastKnownFileType = video.quicktime; path = 1_Outdoor__6m.MOV; sourceTree = "<group>"; };
		8CAEECCA22435AF00043440A /* .gitignore */ = {isa = PBXFileReference; lastKnownFileType = text; path = .gitignore; sourceTree = "<group>"; };
		8CAEECCC22435AF00043440A /* 2_Dark__3m.MOV */ = {isa = PBXFileReference; lastKnownFileType = video.quicktime; path = 2_Dark__3m.MOV; sourceTree = "<group>"; };
		8CAEECCD22435AF00043440A /* 2_Dark__2m.MOV */ = {isa = PBXFileReference; lastKnownFileType = video.quicktime; path = 2_Dark__2m.MOV; sourceTree = "<group>"; };
		8CAEECCE22435AF00043440A /* 2_Outdoor__1m.MOV */ = {isa = PBXFileReference; lastKnownFileType = video.quicktime; path = 2_Outdoor__1m.MOV; sourceTree = "<group>"; };
		8CAEECCF22435AF00043440A /* 2_Outdoor__6m.MOV */ = {isa = PBXFileReference; lastKnownFileType = video.quicktime; path = 2_Outdoor__6m.MOV; sourceTree = "<group>"; };
		8CAEECD022435AF00043440A /* 2_Dark__5m.MOV */ = {isa = PBXFileReference; lastKnownFileType = video.quicktime; path = 2_Dark__5m.MOV; sourceTree = "<group>"; };
		8CAEECD122435AF00043440A /* 2_Office__1m.MOV */ = {isa = PBXFileReference; lastKnownFileType = video.quicktime; path = 2_Office__1m.MOV; sourceTree = "<group>"; };
		8CAEECD222435AF00043440A /* 2_Dark__4m.MOV */ = {isa = PBXFileReference; lastKnownFileType = video.quicktime; path = 2_Dark__4m.MOV; sourceTree = "<group>"; };
		8CAEECD322435AF00043440A /* 2_Outdoor__7m.MOV */ = {isa = PBXFileReference; lastKnownFileType = video.quicktime; path = 2_Outdoor__7m.MOV; sourceTree = "<group>"; };
		8CAEECD422435AF00043440A /* 2_Outdoor__4m.MOV */ = {isa = PBXFileReference; lastKnownFileType = video.quicktime; path = 2_Outdoor__4m.MOV; sourceTree = "<group>"; };
		8CAEECD522435AF10043440A /* 2_Office__2m.MOV */ = {isa = PBXFileReference; lastKnownFileType = video.quicktime; path = 2_Office__2m.MOV; sourceTree = "<group>"; };
		8CAEECD622435AF10043440A /* 2_Office__3m.MOV */ = {isa = PBXFileReference; lastKnownFileType = video.quicktime; path = 2_Office__3m.MOV; sourceTree = "<group>"; };
		8CAEECD722435AF10043440A /* 2_Outdoor__5m.MOV */ = {isa = PBXFileReference; lastKnownFileType = video.quicktime; path = 2_Outdoor__5m.MOV; sourceTree = "<group>"; };
		8CAEECD822435AF10043440A /* 2_Office__4m.MOV */ = {isa = PBXFileReference; lastKnownFileType = video.quicktime; path = 2_Office__4m.MOV; sourceTree = "<group>"; };
		8CAEECD922435AF10043440A /* 2_Dark__1m.MOV */ = {isa = PBXFileReference; lastKnownFileType = video.quicktime; path = 2_Dark__1m.MOV; sourceTree = "<group>"; };
		8CAEECDA22435AF10043440A /* 2_Outdoor__2m.MOV */ = {isa = PBXFileReference; lastKnownFileType = video.quicktime; path = 2_Outdoor__2m.MOV; sourceTree = "<group>"; };
		8CAEECDB22435AF10043440A /* 2_Outdoor__3m.MOV */ = {isa = PBXFileReference; lastKnownFileType = video.quicktime; path = 2_Outdoor__3m.MOV; sourceTree = "<group>"; };
		8CAEECDC22435AF10043440A /* 2_Office__5m.MOV */ = {isa = PBXFileReference; lastKnownFileType = video.quicktime; path = 2_Office__5m.MOV; sourceTree = "<group>"; };
		8CAEECDE22435AF10043440A /* Study.iml */ = {isa = PBXFileReference; lastKnownFileType = text.xml; path = Study.iml; sourceTree = "<group>"; };
		8CAEECDF22435AF10043440A /* encodings.xml */ = {isa = PBXFileReference; lastKnownFileType = text.xml; path = encodings.xml; sourceTree = "<group>"; };
		8CAEECE022435AF10043440A /* vcs.xml */ = {isa = PBXFileReference; lastKnownFileType = text.xml; path = vcs.xml; sourceTree = "<group>"; };
		8CAEECE122435AF10043440A /* other.xml */ = {isa = PBXFileReference; lastKnownFileType = text.xml; path = other.xml; sourceTree = "<group>"; };
		8CAEECE222435AF10043440A /* workspace.xml */ = {isa = PBXFileReference; lastKnownFileType = text.xml; path = workspace.xml; sourceTree = "<group>"; };
		8CAEECE322435AF10043440A /* modules.xml */ = {isa = PBXFileReference; lastKnownFileType = text.xml; path = modules.xml; sourceTree = "<group>"; };
		8CAEECE422435AF10043440A /* misc.xml */ = {isa = PBXFileReference; lastKnownFileType = text.xml; path = misc.xml; sourceTree = "<group>"; };
		8CAEEDB122437E6D0043440A /* Lens.swift */ = {isa = PBXFileReference; lastKnownFileType = sourcecode.swift; path = Lens.swift; sourceTree = "<group>"; };
		8CBB8BDF1CED5A0100C2C280 /* FpsCounter.swift */ = {isa = PBXFileReference; fileEncoding = 4; lastKnownFileType = sourcecode.swift; path = FpsCounter.swift; sourceTree = "<group>"; };
		8CBB8BE11CED5A2D00C2C280 /* Queue.swift */ = {isa = PBXFileReference; fileEncoding = 4; lastKnownFileType = sourcecode.swift; path = Queue.swift; sourceTree = "<group>"; };
		8CD22B6C220E36960086B704 /* LensNode.swift */ = {isa = PBXFileReference; lastKnownFileType = sourcecode.swift; path = LensNode.swift; sourceTree = "<group>"; };
		8CD22B6E221219740086B704 /* HistoryLens.swift */ = {isa = PBXFileReference; lastKnownFileType = sourcecode.swift; path = HistoryLens.swift; sourceTree = "<group>"; };
		8CD22B7022121B120086B704 /* Constants.swift */ = {isa = PBXFileReference; lastKnownFileType = sourcecode.swift; path = Constants.swift; sourceTree = "<group>"; };
		8CD64426224702C700802CB4 /* BoundingBoxConverter.swift */ = {isa = PBXFileReference; lastKnownFileType = sourcecode.swift; path = BoundingBoxConverter.swift; sourceTree = "<group>"; };
		8CD64453224879C800802CB4 /* DebugLens.swift */ = {isa = PBXFileReference; lastKnownFileType = sourcecode.swift; path = DebugLens.swift; sourceTree = "<group>"; };
		8CD644552248A1A900802CB4 /* SwitchLens.swift */ = {isa = PBXFileReference; lastKnownFileType = sourcecode.swift; path = SwitchLens.swift; sourceTree = "<group>"; };
		8CD6445B2248B3D700802CB4 /* secret.xcconfig */ = {isa = PBXFileReference; fileEncoding = 4; lastKnownFileType = text.xcconfig; path = secret.xcconfig; sourceTree = "<group>"; };
		8CD644612248BBF700802CB4 /* ParticleAppliancesManager.swift */ = {isa = PBXFileReference; lastKnownFileType = sourcecode.swift; path = ParticleAppliancesManager.swift; sourceTree = "<group>"; };
		8CD644632248BC4C00802CB4 /* ParticleAppliance.swift */ = {isa = PBXFileReference; lastKnownFileType = sourcecode.swift; path = ParticleAppliance.swift; sourceTree = "<group>"; };
		8CF22846222E42EB005283DC /* IMG_5792.MOV */ = {isa = PBXFileReference; lastKnownFileType = video.quicktime; path = IMG_5792.MOV; sourceTree = "<group>"; };
		952C3ED949F64F59A4EE9A69 /* Pods-InfoLED ScannerTests.debug.xcconfig */ = {isa = PBXFileReference; includeInIndex = 1; lastKnownFileType = text.xcconfig; name = "Pods-InfoLED ScannerTests.debug.xcconfig"; path = "Pods/Target Support Files/Pods-InfoLED ScannerTests/Pods-InfoLED ScannerTests.debug.xcconfig"; sourceTree = "<group>"; };
		AD7125C887D12D417B94EBE0 /* Pods_InfoLED_ScannerTests.framework */ = {isa = PBXFileReference; explicitFileType = wrapper.framework; includeInIndex = 0; path = Pods_InfoLED_ScannerTests.framework; sourceTree = BUILT_PRODUCTS_DIR; };
		CFB4E45E47CDBF8A07F73E97 /* Pods-InfoLED Scanner.debug.xcconfig */ = {isa = PBXFileReference; includeInIndex = 1; lastKnownFileType = text.xcconfig; name = "Pods-InfoLED Scanner.debug.xcconfig"; path = "Pods/Target Support Files/Pods-InfoLED Scanner/Pods-InfoLED Scanner.debug.xcconfig"; sourceTree = "<group>"; };
		D3A0BD24396044B7F7F5AEAC /* Pods-InfoLED ScannerTests.release.xcconfig */ = {isa = PBXFileReference; includeInIndex = 1; lastKnownFileType = text.xcconfig; name = "Pods-InfoLED ScannerTests.release.xcconfig"; path = "Pods/Target Support Files/Pods-InfoLED ScannerTests/Pods-InfoLED ScannerTests.release.xcconfig"; sourceTree = "<group>"; };
		E5BEB5BA2479B51BC1AD7DAE /* Pods_InfoLED_ScannerUITests.framework */ = {isa = PBXFileReference; explicitFileType = wrapper.framework; includeInIndex = 0; path = Pods_InfoLED_ScannerUITests.framework; sourceTree = BUILT_PRODUCTS_DIR; };
/* End PBXFileReference section */

/* Begin PBXFrameworksBuildPhase section */
		8C37474F1C99921100EDDF23 /* Frameworks */ = {
			isa = PBXFrameworksBuildPhase;
			buildActionMask = 2147483647;
			files = (
				5EA320359BDFB3844387B388 /* Pods_InfoLED_Scanner.framework in Frameworks */,
			);
			runOnlyForDeploymentPostprocessing = 0;
		};
		8C3747661C99921200EDDF23 /* Frameworks */ = {
			isa = PBXFrameworksBuildPhase;
			buildActionMask = 2147483647;
			files = (
				3D342E055BA2304BC552A874 /* Pods_InfoLED_ScannerTests.framework in Frameworks */,
			);
			runOnlyForDeploymentPostprocessing = 0;
		};
		8C3747711C99921200EDDF23 /* Frameworks */ = {
			isa = PBXFrameworksBuildPhase;
			buildActionMask = 2147483647;
			files = (
				03CABBBE4BBF81FFDF480C51 /* Pods_InfoLED_ScannerUITests.framework in Frameworks */,
			);
			runOnlyForDeploymentPostprocessing = 0;
		};
/* End PBXFrameworksBuildPhase section */

/* Begin PBXGroup section */
		3D514F2853BD712F22697B69 /* Pods */ = {
			isa = PBXGroup;
			children = (
				CFB4E45E47CDBF8A07F73E97 /* Pods-InfoLED Scanner.debug.xcconfig */,
				5828379CADF051A875E3CA7C /* Pods-InfoLED Scanner.release.xcconfig */,
				952C3ED949F64F59A4EE9A69 /* Pods-InfoLED ScannerTests.debug.xcconfig */,
				D3A0BD24396044B7F7F5AEAC /* Pods-InfoLED ScannerTests.release.xcconfig */,
				1366511913559A9151392AE6 /* Pods-InfoLED ScannerUITests.debug.xcconfig */,
				8361038EFA1653112F28A80D /* Pods-InfoLED ScannerUITests.release.xcconfig */,
			);
			name = Pods;
			sourceTree = "<group>";
		};
		822FE2CC5B1BCE46592BABA8 /* Frameworks */ = {
			isa = PBXGroup;
			children = (
				358AA2A1348289144F971F9B /* Pods_InfoLED_Scanner.framework */,
				AD7125C887D12D417B94EBE0 /* Pods_InfoLED_ScannerTests.framework */,
				E5BEB5BA2479B51BC1AD7DAE /* Pods_InfoLED_ScannerUITests.framework */,
			);
			name = Frameworks;
			sourceTree = "<group>";
		};
		8C30B8B9222FAF9D00D22358 /* 03-05 */ = {
			isa = PBXGroup;
			children = (
				8C30B8BA222FAF9D00D22358 /* 2x */,
				8C30B8C0222FAF9D00D22358 /* 1x */,
			);
			path = "03-05";
			sourceTree = "<group>";
		};
		8C30B8BA222FAF9D00D22358 /* 2x */ = {
			isa = PBXGroup;
			children = (
				8C30B8BB222FAF9D00D22358 /* 100cm.MOV */,
				8C30B8BC222FAF9D00D22358 /* 20cm.MOV */,
				8C30B8BD222FAF9D00D22358 /* 80cm.MOV */,
				8C30B8BE222FAF9D00D22358 /* 40cm.MOV */,
				8C30B8BF222FAF9D00D22358 /* 60cm.MOV */,
			);
			path = 2x;
			sourceTree = "<group>";
		};
		8C30B8C0222FAF9D00D22358 /* 1x */ = {
			isa = PBXGroup;
			children = (
				8C30B8C1222FAF9D00D22358 /* 30cm.MOV */,
				8C30B8C2222FAF9D00D22358 /* 10cm.MOV */,
				8C30B8C3222FAF9D00D22358 /* 50cm.MOV */,
				8C30B8C4222FAF9D00D22358 /* 20cm.MOV */,
				8C30B8C5222FAF9D00D22358 /* 40cm.MOV */,
			);
			path = 1x;
			sourceTree = "<group>";
		};
		8C3747491C99921100EDDF23 = {
			isa = PBXGroup;
			children = (
				8CD6445A2248B3D700802CB4 /* BuildConfig */,
				8C657363221FA2A00099B5A8 /* InfoLED TestData */,
				8C3747541C99921100EDDF23 /* InfoLED Scanner */,
				8C37476C1C99921200EDDF23 /* InfoLED ScannerTests */,
				8C3747771C99921200EDDF23 /* InfoLED ScannerUITests */,
				8C3747531C99921100EDDF23 /* Products */,
				3D514F2853BD712F22697B69 /* Pods */,
				822FE2CC5B1BCE46592BABA8 /* Frameworks */,
			);
			sourceTree = "<group>";
		};
		8C3747531C99921100EDDF23 /* Products */ = {
			isa = PBXGroup;
			children = (
				8C3747521C99921100EDDF23 /* InfoLED Scanner.app */,
				8C3747691C99921200EDDF23 /* InfoLED ScannerTests.xctest */,
				8C3747741C99921200EDDF23 /* InfoLED ScannerUITests.xctest */,
			);
			name = Products;
			sourceTree = "<group>";
		};
		8C3747541C99921100EDDF23 /* InfoLED Scanner */ = {
			isa = PBXGroup;
			children = (
				8CD644572248B1FC00802CB4 /* DeviceCommunication */,
				8CD644522248789A00802CB4 /* LensInterface */,
				8CD6443C22471B4900802CB4 /* Shared */,
				8C9A8EC72246041C00E1B444 /* External */,
				8C9A8EC6224603FC00E1B444 /* FrameProcessing */,
				8C9A8EC5224603E000E1B444 /* Lens */,
				8C9A8EC42246037A00E1B444 /* LensMatching */,
				8C3747551C99921100EDDF23 /* AppDelegate.swift */,
				8C3747571C99921100EDDF23 /* ViewController.swift */,
				8C3747591C99921100EDDF23 /* Main.storyboard */,
				8C37475F1C99921100EDDF23 /* Assets.xcassets */,
				8C3747611C99921100EDDF23 /* LaunchScreen.storyboard */,
				8C3747641C99921100EDDF23 /* Info.plist */,
				8C37475C1C99921100EDDF23 /* InfoLED_Scanner.xcdatamodeld */,
			);
			path = "InfoLED Scanner";
			sourceTree = "<group>";
		};
		8C37476C1C99921200EDDF23 /* InfoLED ScannerTests */ = {
			isa = PBXGroup;
			children = (
				8C37476D1C99921200EDDF23 /* InfoLED_ScannerTests.swift */,
				8C37476F1C99921200EDDF23 /* Info.plist */,
			);
			path = "InfoLED ScannerTests";
			sourceTree = "<group>";
		};
		8C3747771C99921200EDDF23 /* InfoLED ScannerUITests */ = {
			isa = PBXGroup;
			children = (
				8C3747781C99921200EDDF23 /* InfoLED_ScannerUITests.swift */,
				8C37477A1C99921200EDDF23 /* Info.plist */,
			);
			path = "InfoLED ScannerUITests";
			sourceTree = "<group>";
		};
		8C657363221FA2A00099B5A8 /* InfoLED TestData */ = {
			isa = PBXGroup;
			children = (
				8CAEECB622435AF00043440A /* Study */,
				8CAEECAC224317800043440A /* Pilot Study */,
				8C30B8B9222FAF9D00D22358 /* 03-05 */,
				8CF22846222E42EB005283DC /* IMG_5792.MOV */,
				8C17ADE222290B490011A24F /* IMG_5695.MOV */,
				8C17ADE322290B490011A24F /* IMG_5696.MOV */,
				8C657364221FA3700099B5A8 /* IMG_5622.MOV */,
			);
			path = "InfoLED TestData";
			sourceTree = "<group>";
		};
		8C9A8EC42246037A00E1B444 /* LensMatching */ = {
			isa = PBXGroup;
			children = (
				8C9A8EC02245F8ED00E1B444 /* FlowGraph.swift */,
				8C9A8EC22246034400E1B444 /* FrameLensProcessor.swift */,
				8CD64426224702C700802CB4 /* BoundingBoxConverter.swift */,
			);
			name = LensMatching;
			path = "../InfoLED-Testing/InfoLED-Testing/LensMatching";
			sourceTree = "<group>";
		};
		8C9A8EC5224603E000E1B444 /* Lens */ = {
			isa = PBXGroup;
			children = (
				8CD22B6E221219740086B704 /* HistoryLens.swift */,
				8CAEEDB122437E6D0043440A /* Lens.swift */,
				8C22D26121AA5FC20084DA77 /* HistoryProcessor.swift */,
			);
			name = Lens;
			path = "../InfoLED-Testing/InfoLED-Testing/Lens";
			sourceTree = "<group>";
		};
		8C9A8EC6224603FC00E1B444 /* FrameProcessing */ = {
			isa = PBXGroup;
			children = (
				8C12E5FB1EAC07A1007AE85A /* MTLDeviceExtension.swift */,
				8C12E5F71EAAE5F6007AE85A /* ILSImageDiff.swift */,
				8C12E5F91EAAEC68007AE85A /* ImageDiff.metal */,
				8C657361221F912E0099B5A8 /* SampleBufferProcessor.swift */,
				8CBB8BDF1CED5A0100C2C280 /* FpsCounter.swift */,
			);
			name = FrameProcessing;
			path = "../InfoLED-Testing/InfoLED-Testing/FrameProcessing";
			sourceTree = "<group>";
		};
		8C9A8EC72246041C00E1B444 /* External */ = {
			isa = PBXGroup;
			children = (
				8CBB8BE11CED5A2D00C2C280 /* Queue.swift */,
				8C0152C521BE939200049838 /* CcLabel.swift */,
			);
			name = External;
			path = "../InfoLED-Testing/InfoLED-Testing/External";
			sourceTree = "<group>";
		};
		8CAEECAC224317800043440A /* Pilot Study */ = {
			isa = PBXGroup;
			children = (
				8CAEECB422431AB50043440A /* test.MOV */,
			);
			path = "Pilot Study";
			sourceTree = "<group>";
		};
		8CAEECB622435AF00043440A /* Study */ = {
			isa = PBXGroup;
			children = (
				8CAEECB722435AF00043440A /* strip_recording_name.py */,
				8CAEECB822435AF00043440A /* 1 */,
				8CAEECCA22435AF00043440A /* .gitignore */,
				8CAEECCB22435AF00043440A /* 2 */,
				8CAEECDD22435AF10043440A /* .idea */,
			);
			path = Study;
			sourceTree = "<group>";
		};
		8CAEECB822435AF00043440A /* 1 */ = {
			isa = PBXGroup;
			children = (
				8CAEECB922435AF00043440A /* 1_Dark__1m.MOV */,
				8CAEECBA22435AF00043440A /* 1_Outdoor__5m.MOV */,
				8CAEECBB22435AF00043440A /* 1_Outdoor__4m.MOV */,
				8CAEECBC22435AF00043440A /* 1_Office__1m.MOV */,
				8CAEECBD22435AF00043440A /* 1_Outdoor__3m.MOV */,
				8CAEECBE22435AF00043440A /* 1_Outdoor__2m.MOV */,
				8CAEECBF22435AF00043440A /* 1_Outdoor__1m.MOV */,
				8CAEECC022435AF00043440A /* 1_Dark__5m.MOV */,
				8CAEECC122435AF00043440A /* 1_Office__4m.MOV */,
				8CAEECC222435AF00043440A /* 1_Office__5m.MOV */,
				8CAEECC322435AF00043440A /* 1_Dark__4m.MOV */,
				8CAEECC422435AF00043440A /* 1_Outdoor__7m.MOV */,
				8CAEECC522435AF00043440A /* 1_Dark__3m.MOV */,
				8CAEECC622435AF00043440A /* 1_Office__2m.MOV */,
				8CAEECC722435AF00043440A /* 1_Office__3m.MOV */,
				8CAEECC822435AF00043440A /* 1_Dark__2m.MOV */,
				8CAEECC922435AF00043440A /* 1_Outdoor__6m.MOV */,
			);
			path = 1;
			sourceTree = "<group>";
		};
		8CAEECCB22435AF00043440A /* 2 */ = {
			isa = PBXGroup;
			children = (
				8CAEECCC22435AF00043440A /* 2_Dark__3m.MOV */,
				8CAEECCD22435AF00043440A /* 2_Dark__2m.MOV */,
				8CAEECCE22435AF00043440A /* 2_Outdoor__1m.MOV */,
				8CAEECCF22435AF00043440A /* 2_Outdoor__6m.MOV */,
				8CAEECD022435AF00043440A /* 2_Dark__5m.MOV */,
				8CAEECD122435AF00043440A /* 2_Office__1m.MOV */,
				8CAEECD222435AF00043440A /* 2_Dark__4m.MOV */,
				8CAEECD322435AF00043440A /* 2_Outdoor__7m.MOV */,
				8CAEECD422435AF00043440A /* 2_Outdoor__4m.MOV */,
				8CAEECD522435AF10043440A /* 2_Office__2m.MOV */,
				8CAEECD622435AF10043440A /* 2_Office__3m.MOV */,
				8CAEECD722435AF10043440A /* 2_Outdoor__5m.MOV */,
				8CAEECD822435AF10043440A /* 2_Office__4m.MOV */,
				8CAEECD922435AF10043440A /* 2_Dark__1m.MOV */,
				8CAEECDA22435AF10043440A /* 2_Outdoor__2m.MOV */,
				8CAEECDB22435AF10043440A /* 2_Outdoor__3m.MOV */,
				8CAEECDC22435AF10043440A /* 2_Office__5m.MOV */,
			);
			path = 2;
			sourceTree = "<group>";
		};
		8CAEECDD22435AF10043440A /* .idea */ = {
			isa = PBXGroup;
			children = (
				8CAEECDE22435AF10043440A /* Study.iml */,
				8CAEECDF22435AF10043440A /* encodings.xml */,
				8CAEECE022435AF10043440A /* vcs.xml */,
				8CAEECE122435AF10043440A /* other.xml */,
				8CAEECE222435AF10043440A /* workspace.xml */,
				8CAEECE322435AF10043440A /* modules.xml */,
				8CAEECE422435AF10043440A /* misc.xml */,
			);
			path = .idea;
			sourceTree = "<group>";
		};
		8CD6443C22471B4900802CB4 /* Shared */ = {
			isa = PBXGroup;
			children = (
				8CD22B7022121B120086B704 /* Constants.swift */,
				8C17ADE022274A6F0011A24F /* EventLogger.swift */,
			);
			name = Shared;
			path = "../InfoLED-Testing/InfoLED-Testing/Shared";
			sourceTree = "<group>";
		};
		8CD644522248789A00802CB4 /* LensInterface */ = {
			isa = PBXGroup;
			children = (
				8C0A93A42208F61F007E71E2 /* LensScene.sks */,
				8C0A93A62208F698007E71E2 /* LensScene.swift */,
				8CD22B6C220E36960086B704 /* LensNode.swift */,
				8CD64453224879C800802CB4 /* DebugLens.swift */,
				8CD644552248A1A900802CB4 /* SwitchLens.swift */,
				8C89E677224B4D2100C8A79A /* ButtonLens.swift */,
				8C2CC33B224B6FAC00981CD6 /* LensProtocol.swift */,
			);
			path = LensInterface;
			sourceTree = "<group>";
		};
		8CD644572248B1FC00802CB4 /* DeviceCommunication */ = {
			isa = PBXGroup;
			children = (
				8CD644612248BBF700802CB4 /* ParticleAppliancesManager.swift */,
				8CD644632248BC4C00802CB4 /* ParticleAppliance.swift */,
			);
			path = DeviceCommunication;
			sourceTree = "<group>";
		};
		8CD6445A2248B3D700802CB4 /* BuildConfig */ = {
			isa = PBXGroup;
			children = (
				8CD6445B2248B3D700802CB4 /* secret.xcconfig */,
			);
			name = BuildConfig;
			path = "InfoLED Scanner/BuildConfig";
			sourceTree = "<group>";
		};
/* End PBXGroup section */

/* Begin PBXNativeTarget section */
		8C3747511C99921100EDDF23 /* InfoLED Scanner */ = {
			isa = PBXNativeTarget;
			buildConfigurationList = 8C37477D1C99921200EDDF23 /* Build configuration list for PBXNativeTarget "InfoLED Scanner" */;
			buildPhases = (
				790119A645ACA14B63250607 /* [CP] Check Pods Manifest.lock */,
				8C37474E1C99921100EDDF23 /* Sources */,
				8C37474F1C99921100EDDF23 /* Frameworks */,
				8C3747501C99921100EDDF23 /* Resources */,
				2BF5E521B77C370797F1F630 /* [CP] Embed Pods Frameworks */,
			);
			buildRules = (
			);
			dependencies = (
			);
			name = "InfoLED Scanner";
			productName = "InfoLED Scanner";
			productReference = 8C3747521C99921100EDDF23 /* InfoLED Scanner.app */;
			productType = "com.apple.product-type.application";
		};
		8C3747681C99921200EDDF23 /* InfoLED ScannerTests */ = {
			isa = PBXNativeTarget;
			buildConfigurationList = 8C3747801C99921200EDDF23 /* Build configuration list for PBXNativeTarget "InfoLED ScannerTests" */;
			buildPhases = (
				358F37997CFDF7FD556E94BE /* [CP] Check Pods Manifest.lock */,
				8C3747651C99921200EDDF23 /* Sources */,
				8C3747661C99921200EDDF23 /* Frameworks */,
				8C3747671C99921200EDDF23 /* Resources */,
				8C9EABCB222FBAD700E0371C /* CopyFiles */,
				8C9EABD1222FBB0000E0371C /* CopyFiles */,
				8CAEECB0224317E90043440A /* CopyFiles */,
				8CAEECE522435B090043440A /* CopyFiles */,
			);
			buildRules = (
			);
			dependencies = (
				8C37476B1C99921200EDDF23 /* PBXTargetDependency */,
			);
			name = "InfoLED ScannerTests";
			productName = "InfoLED ScannerTests";
			productReference = 8C3747691C99921200EDDF23 /* InfoLED ScannerTests.xctest */;
			productType = "com.apple.product-type.bundle.unit-test";
		};
		8C3747731C99921200EDDF23 /* InfoLED ScannerUITests */ = {
			isa = PBXNativeTarget;
			buildConfigurationList = 8C3747831C99921200EDDF23 /* Build configuration list for PBXNativeTarget "InfoLED ScannerUITests" */;
			buildPhases = (
				2C64AD4E37C0D97F17B05D30 /* [CP] Check Pods Manifest.lock */,
				8C3747701C99921200EDDF23 /* Sources */,
				8C3747711C99921200EDDF23 /* Frameworks */,
				8C3747721C99921200EDDF23 /* Resources */,
			);
			buildRules = (
			);
			dependencies = (
				8C3747761C99921200EDDF23 /* PBXTargetDependency */,
			);
			name = "InfoLED ScannerUITests";
			productName = "InfoLED ScannerUITests";
			productReference = 8C3747741C99921200EDDF23 /* InfoLED ScannerUITests.xctest */;
			productType = "com.apple.product-type.bundle.ui-testing";
		};
/* End PBXNativeTarget section */

/* Begin PBXProject section */
		8C37474A1C99921100EDDF23 /* Project object */ = {
			isa = PBXProject;
			attributes = {
				LastSwiftUpdateCheck = 0720;
				LastUpgradeCheck = 1010;
				ORGANIZATIONNAME = yangjunrui;
				TargetAttributes = {
					8C3747511C99921100EDDF23 = {
						CreatedOnToolsVersion = 7.2.1;
						DevelopmentTeam = 38RXH56U3G;
						LastSwiftMigration = 1010;
					};
					8C3747681C99921200EDDF23 = {
						CreatedOnToolsVersion = 7.2.1;
						DevelopmentTeam = F499E6K8ZV;
						LastSwiftMigration = 1010;
						TestTargetID = 8C3747511C99921100EDDF23;
					};
					8C3747731C99921200EDDF23 = {
						CreatedOnToolsVersion = 7.2.1;
						DevelopmentTeam = F499E6K8ZV;
						LastSwiftMigration = 1010;
						TestTargetID = 8C3747511C99921100EDDF23;
					};
				};
			};
			buildConfigurationList = 8C37474D1C99921100EDDF23 /* Build configuration list for PBXProject "InfoLED Scanner" */;
			compatibilityVersion = "Xcode 3.2";
			developmentRegion = English;
			hasScannedForEncodings = 0;
			knownRegions = (
				English,
				en,
				Base,
			);
			mainGroup = 8C3747491C99921100EDDF23;
			productRefGroup = 8C3747531C99921100EDDF23 /* Products */;
			projectDirPath = "";
			projectRoot = "";
			targets = (
				8C3747511C99921100EDDF23 /* InfoLED Scanner */,
				8C3747681C99921200EDDF23 /* InfoLED ScannerTests */,
				8C3747731C99921200EDDF23 /* InfoLED ScannerUITests */,
			);
		};
/* End PBXProject section */

/* Begin PBXResourcesBuildPhase section */
		8C3747501C99921100EDDF23 /* Resources */ = {
			isa = PBXResourcesBuildPhase;
			buildActionMask = 2147483647;
			files = (
				8C3747631C99921100EDDF23 /* LaunchScreen.storyboard in Resources */,
				8C0A93A52208F61F007E71E2 /* LensScene.sks in Resources */,
				8C3747601C99921100EDDF23 /* Assets.xcassets in Resources */,
				8C37475B1C99921100EDDF23 /* Main.storyboard in Resources */,
				8CD6445E2248B3D700802CB4 /* secret.xcconfig in Resources */,
			);
			runOnlyForDeploymentPostprocessing = 0;
		};
		8C3747671C99921200EDDF23 /* Resources */ = {
			isa = PBXResourcesBuildPhase;
			buildActionMask = 2147483647;
			files = (
			);
			runOnlyForDeploymentPostprocessing = 0;
		};
		8C3747721C99921200EDDF23 /* Resources */ = {
			isa = PBXResourcesBuildPhase;
			buildActionMask = 2147483647;
			files = (
			);
			runOnlyForDeploymentPostprocessing = 0;
		};
/* End PBXResourcesBuildPhase section */

/* Begin PBXShellScriptBuildPhase section */
		2BF5E521B77C370797F1F630 /* [CP] Embed Pods Frameworks */ = {
			isa = PBXShellScriptBuildPhase;
			buildActionMask = 2147483647;
			files = (
			);
			inputPaths = (
				"${SRCROOT}/Pods/Target Support Files/Pods-InfoLED Scanner/Pods-InfoLED Scanner-frameworks.sh",
				"${BUILT_PRODUCTS_DIR}/AFNetworking/AFNetworking.framework",
				"${BUILT_PRODUCTS_DIR}/Particle-SDK/Particle_SDK.framework",
			);
			name = "[CP] Embed Pods Frameworks";
			outputPaths = (
				"${TARGET_BUILD_DIR}/${FRAMEWORKS_FOLDER_PATH}/AFNetworking.framework",
				"${TARGET_BUILD_DIR}/${FRAMEWORKS_FOLDER_PATH}/Particle_SDK.framework",
			);
			runOnlyForDeploymentPostprocessing = 0;
			shellPath = /bin/sh;
			shellScript = "\"${SRCROOT}/Pods/Target Support Files/Pods-InfoLED Scanner/Pods-InfoLED Scanner-frameworks.sh\"\n";
			showEnvVarsInLog = 0;
		};
		2C64AD4E37C0D97F17B05D30 /* [CP] Check Pods Manifest.lock */ = {
			isa = PBXShellScriptBuildPhase;
			buildActionMask = 2147483647;
			files = (
			);
			inputPaths = (
				"${PODS_PODFILE_DIR_PATH}/Podfile.lock",
				"${PODS_ROOT}/Manifest.lock",
			);
			name = "[CP] Check Pods Manifest.lock";
			outputPaths = (
				"$(DERIVED_FILE_DIR)/Pods-InfoLED ScannerUITests-checkManifestLockResult.txt",
			);
			runOnlyForDeploymentPostprocessing = 0;
			shellPath = /bin/sh;
			shellScript = "diff \"${PODS_PODFILE_DIR_PATH}/Podfile.lock\" \"${PODS_ROOT}/Manifest.lock\" > /dev/null\nif [ $? != 0 ] ; then\n    # print error to STDERR\n    echo \"error: The sandbox is not in sync with the Podfile.lock. Run 'pod install' or update your CocoaPods installation.\" >&2\n    exit 1\nfi\n# This output is used by Xcode 'outputs' to avoid re-running this script phase.\necho \"SUCCESS\" > \"${SCRIPT_OUTPUT_FILE_0}\"\n";
			showEnvVarsInLog = 0;
		};
		358F37997CFDF7FD556E94BE /* [CP] Check Pods Manifest.lock */ = {
			isa = PBXShellScriptBuildPhase;
			buildActionMask = 2147483647;
			files = (
			);
			inputPaths = (
				"${PODS_PODFILE_DIR_PATH}/Podfile.lock",
				"${PODS_ROOT}/Manifest.lock",
			);
			name = "[CP] Check Pods Manifest.lock";
			outputPaths = (
				"$(DERIVED_FILE_DIR)/Pods-InfoLED ScannerTests-checkManifestLockResult.txt",
			);
			runOnlyForDeploymentPostprocessing = 0;
			shellPath = /bin/sh;
			shellScript = "diff \"${PODS_PODFILE_DIR_PATH}/Podfile.lock\" \"${PODS_ROOT}/Manifest.lock\" > /dev/null\nif [ $? != 0 ] ; then\n    # print error to STDERR\n    echo \"error: The sandbox is not in sync with the Podfile.lock. Run 'pod install' or update your CocoaPods installation.\" >&2\n    exit 1\nfi\n# This output is used by Xcode 'outputs' to avoid re-running this script phase.\necho \"SUCCESS\" > \"${SCRIPT_OUTPUT_FILE_0}\"\n";
			showEnvVarsInLog = 0;
		};
		790119A645ACA14B63250607 /* [CP] Check Pods Manifest.lock */ = {
			isa = PBXShellScriptBuildPhase;
			buildActionMask = 2147483647;
			files = (
			);
			inputPaths = (
				"${PODS_PODFILE_DIR_PATH}/Podfile.lock",
				"${PODS_ROOT}/Manifest.lock",
			);
			name = "[CP] Check Pods Manifest.lock";
			outputPaths = (
				"$(DERIVED_FILE_DIR)/Pods-InfoLED Scanner-checkManifestLockResult.txt",
			);
			runOnlyForDeploymentPostprocessing = 0;
			shellPath = /bin/sh;
			shellScript = "diff \"${PODS_PODFILE_DIR_PATH}/Podfile.lock\" \"${PODS_ROOT}/Manifest.lock\" > /dev/null\nif [ $? != 0 ] ; then\n    # print error to STDERR\n    echo \"error: The sandbox is not in sync with the Podfile.lock. Run 'pod install' or update your CocoaPods installation.\" >&2\n    exit 1\nfi\n# This output is used by Xcode 'outputs' to avoid re-running this script phase.\necho \"SUCCESS\" > \"${SCRIPT_OUTPUT_FILE_0}\"\n";
			showEnvVarsInLog = 0;
		};
/* End PBXShellScriptBuildPhase section */

/* Begin PBXSourcesBuildPhase section */
		8C37474E1C99921100EDDF23 /* Sources */ = {
			isa = PBXSourcesBuildPhase;
			buildActionMask = 2147483647;
			files = (
				8CD64427224702C700802CB4 /* BoundingBoxConverter.swift in Sources */,
				8C657362221F912E0099B5A8 /* SampleBufferProcessor.swift in Sources */,
				8CD64454224879C800802CB4 /* DebugLens.swift in Sources */,
				8C2CC33C224B6FAC00981CD6 /* LensProtocol.swift in Sources */,
				8CD644562248A1A900802CB4 /* SwitchLens.swift in Sources */,
				8CBB8BE21CED5A2D00C2C280 /* Queue.swift in Sources */,
				8CD22B6D220E36960086B704 /* LensNode.swift in Sources */,
				8C89E678224B4D2100C8A79A /* ButtonLens.swift in Sources */,
				8C12E5F81EAAE5F6007AE85A /* ILSImageDiff.swift in Sources */,
				8CBB8BE01CED5A0100C2C280 /* FpsCounter.swift in Sources */,
				8C3747581C99921100EDDF23 /* ViewController.swift in Sources */,
				8C9A8EC32246034400E1B444 /* FrameLensProcessor.swift in Sources */,
				8CD644622248BBF700802CB4 /* ParticleAppliancesManager.swift in Sources */,
				8C22D26221AA5FC20084DA77 /* HistoryProcessor.swift in Sources */,
				8C3747561C99921100EDDF23 /* AppDelegate.swift in Sources */,
				8C9A8EC12245F8ED00E1B444 /* FlowGraph.swift in Sources */,
				8C0152C621BE939200049838 /* CcLabel.swift in Sources */,
				8C12E5FC1EAC07A1007AE85A /* MTLDeviceExtension.swift in Sources */,
				8C12E5FA1EAAEC69007AE85A /* ImageDiff.metal in Sources */,
				8CAEEDB222437E6D0043440A /* Lens.swift in Sources */,
				8CD22B6F221219740086B704 /* HistoryLens.swift in Sources */,
				8CD644642248BC4C00802CB4 /* ParticleAppliance.swift in Sources */,
				8CD22B7122121B120086B704 /* Constants.swift in Sources */,
				8C37475E1C99921100EDDF23 /* InfoLED_Scanner.xcdatamodeld in Sources */,
				8C17ADE122274A6F0011A24F /* EventLogger.swift in Sources */,
				8C0A93A72208F698007E71E2 /* LensScene.swift in Sources */,
			);
			runOnlyForDeploymentPostprocessing = 0;
		};
		8C3747651C99921200EDDF23 /* Sources */ = {
			isa = PBXSourcesBuildPhase;
			buildActionMask = 2147483647;
			files = (
				8C37476E1C99921200EDDF23 /* InfoLED_ScannerTests.swift in Sources */,
			);
			runOnlyForDeploymentPostprocessing = 0;
		};
		8C3747701C99921200EDDF23 /* Sources */ = {
			isa = PBXSourcesBuildPhase;
			buildActionMask = 2147483647;
			files = (
				8C3747791C99921200EDDF23 /* InfoLED_ScannerUITests.swift in Sources */,
			);
			runOnlyForDeploymentPostprocessing = 0;
		};
/* End PBXSourcesBuildPhase section */

/* Begin PBXTargetDependency section */
		8C37476B1C99921200EDDF23 /* PBXTargetDependency */ = {
			isa = PBXTargetDependency;
			target = 8C3747511C99921100EDDF23 /* InfoLED Scanner */;
			targetProxy = 8C37476A1C99921200EDDF23 /* PBXContainerItemProxy */;
		};
		8C3747761C99921200EDDF23 /* PBXTargetDependency */ = {
			isa = PBXTargetDependency;
			target = 8C3747511C99921100EDDF23 /* InfoLED Scanner */;
			targetProxy = 8C3747751C99921200EDDF23 /* PBXContainerItemProxy */;
		};
/* End PBXTargetDependency section */

/* Begin PBXVariantGroup section */
		8C3747591C99921100EDDF23 /* Main.storyboard */ = {
			isa = PBXVariantGroup;
			children = (
				8C37475A1C99921100EDDF23 /* Base */,
			);
			name = Main.storyboard;
			sourceTree = "<group>";
		};
		8C3747611C99921100EDDF23 /* LaunchScreen.storyboard */ = {
			isa = PBXVariantGroup;
			children = (
				8C3747621C99921100EDDF23 /* Base */,
			);
			name = LaunchScreen.storyboard;
			sourceTree = "<group>";
		};
/* End PBXVariantGroup section */

/* Begin XCBuildConfiguration section */
		8C37477B1C99921200EDDF23 /* Debug */ = {
			isa = XCBuildConfiguration;
			baseConfigurationReference = 8CD6445B2248B3D700802CB4 /* secret.xcconfig */;
			buildSettings = {
				ALWAYS_SEARCH_USER_PATHS = NO;
				CLANG_CXX_LANGUAGE_STANDARD = "gnu++0x";
				CLANG_CXX_LIBRARY = "libc++";
				CLANG_ENABLE_MODULES = YES;
				CLANG_ENABLE_OBJC_ARC = YES;
				CLANG_WARN_BLOCK_CAPTURE_AUTORELEASING = YES;
				CLANG_WARN_BOOL_CONVERSION = YES;
				CLANG_WARN_COMMA = YES;
				CLANG_WARN_CONSTANT_CONVERSION = YES;
				CLANG_WARN_DEPRECATED_OBJC_IMPLEMENTATIONS = YES;
				CLANG_WARN_DIRECT_OBJC_ISA_USAGE = YES_ERROR;
				CLANG_WARN_EMPTY_BODY = YES;
				CLANG_WARN_ENUM_CONVERSION = YES;
				CLANG_WARN_INFINITE_RECURSION = YES;
				CLANG_WARN_INT_CONVERSION = YES;
				CLANG_WARN_NON_LITERAL_NULL_CONVERSION = YES;
				CLANG_WARN_OBJC_IMPLICIT_RETAIN_SELF = YES;
				CLANG_WARN_OBJC_LITERAL_CONVERSION = YES;
				CLANG_WARN_OBJC_ROOT_CLASS = YES_ERROR;
				CLANG_WARN_RANGE_LOOP_ANALYSIS = YES;
				CLANG_WARN_STRICT_PROTOTYPES = YES;
				CLANG_WARN_SUSPICIOUS_MOVE = YES;
				CLANG_WARN_UNREACHABLE_CODE = YES;
				CLANG_WARN__DUPLICATE_METHOD_MATCH = YES;
				"CODE_SIGN_IDENTITY[sdk=iphoneos*]" = "iPhone Developer";
				COPY_PHASE_STRIP = NO;
				DEBUG_INFORMATION_FORMAT = dwarf;
				ENABLE_STRICT_OBJC_MSGSEND = YES;
				ENABLE_TESTABILITY = YES;
				GCC_C_LANGUAGE_STANDARD = gnu99;
				GCC_DYNAMIC_NO_PIC = NO;
				GCC_NO_COMMON_BLOCKS = YES;
				GCC_OPTIMIZATION_LEVEL = 0;
				GCC_PREPROCESSOR_DEFINITIONS = (
					"DEBUG=1",
					"$(inherited)",
				);
				GCC_WARN_64_TO_32_BIT_CONVERSION = YES;
				GCC_WARN_ABOUT_RETURN_TYPE = YES_ERROR;
				GCC_WARN_UNDECLARED_SELECTOR = YES;
				GCC_WARN_UNINITIALIZED_AUTOS = YES_AGGRESSIVE;
				GCC_WARN_UNUSED_FUNCTION = YES;
				GCC_WARN_UNUSED_VARIABLE = YES;
				IPHONEOS_DEPLOYMENT_TARGET = 12.2;
				MTL_ENABLE_DEBUG_INFO = YES;
				ONLY_ACTIVE_ARCH = YES;
				SDKROOT = iphoneos;
				SWIFT_OPTIMIZATION_LEVEL = "-Onone";
				SWIFT_VERSION = 5.0;
				TARGETED_DEVICE_FAMILY = "1,2";
			};
			name = Debug;
		};
		8C37477C1C99921200EDDF23 /* Release */ = {
			isa = XCBuildConfiguration;
			baseConfigurationReference = 8CD6445B2248B3D700802CB4 /* secret.xcconfig */;
			buildSettings = {
				ALWAYS_SEARCH_USER_PATHS = NO;
				CLANG_CXX_LANGUAGE_STANDARD = "gnu++0x";
				CLANG_CXX_LIBRARY = "libc++";
				CLANG_ENABLE_MODULES = YES;
				CLANG_ENABLE_OBJC_ARC = YES;
				CLANG_WARN_BLOCK_CAPTURE_AUTORELEASING = YES;
				CLANG_WARN_BOOL_CONVERSION = YES;
				CLANG_WARN_COMMA = YES;
				CLANG_WARN_CONSTANT_CONVERSION = YES;
				CLANG_WARN_DEPRECATED_OBJC_IMPLEMENTATIONS = YES;
				CLANG_WARN_DIRECT_OBJC_ISA_USAGE = YES_ERROR;
				CLANG_WARN_EMPTY_BODY = YES;
				CLANG_WARN_ENUM_CONVERSION = YES;
				CLANG_WARN_INFINITE_RECURSION = YES;
				CLANG_WARN_INT_CONVERSION = YES;
				CLANG_WARN_NON_LITERAL_NULL_CONVERSION = YES;
				CLANG_WARN_OBJC_IMPLICIT_RETAIN_SELF = YES;
				CLANG_WARN_OBJC_LITERAL_CONVERSION = YES;
				CLANG_WARN_OBJC_ROOT_CLASS = YES_ERROR;
				CLANG_WARN_RANGE_LOOP_ANALYSIS = YES;
				CLANG_WARN_STRICT_PROTOTYPES = YES;
				CLANG_WARN_SUSPICIOUS_MOVE = YES;
				CLANG_WARN_UNREACHABLE_CODE = YES;
				CLANG_WARN__DUPLICATE_METHOD_MATCH = YES;
				"CODE_SIGN_IDENTITY[sdk=iphoneos*]" = "iPhone Developer";
				COPY_PHASE_STRIP = NO;
				DEBUG_INFORMATION_FORMAT = "dwarf-with-dsym";
				ENABLE_NS_ASSERTIONS = NO;
				ENABLE_STRICT_OBJC_MSGSEND = YES;
				GCC_C_LANGUAGE_STANDARD = gnu99;
				GCC_NO_COMMON_BLOCKS = YES;
				GCC_WARN_64_TO_32_BIT_CONVERSION = YES;
				GCC_WARN_ABOUT_RETURN_TYPE = YES_ERROR;
				GCC_WARN_UNDECLARED_SELECTOR = YES;
				GCC_WARN_UNINITIALIZED_AUTOS = YES_AGGRESSIVE;
				GCC_WARN_UNUSED_FUNCTION = YES;
				GCC_WARN_UNUSED_VARIABLE = YES;
				IPHONEOS_DEPLOYMENT_TARGET = 12.2;
				MTL_ENABLE_DEBUG_INFO = NO;
				SDKROOT = iphoneos;
				SWIFT_OPTIMIZATION_LEVEL = "-Owholemodule";
				SWIFT_VERSION = 5.0;
				TARGETED_DEVICE_FAMILY = "1,2";
				VALIDATE_PRODUCT = YES;
			};
			name = Release;
		};
		8C37477E1C99921200EDDF23 /* Debug */ = {
			isa = XCBuildConfiguration;
			baseConfigurationReference = CFB4E45E47CDBF8A07F73E97 /* Pods-InfoLED Scanner.debug.xcconfig */;
			buildSettings = {
				ASSETCATALOG_COMPILER_APPICON_NAME = AppIcon;
				DEVELOPMENT_TEAM = 38RXH56U3G;
				INFOPLIST_FILE = "InfoLED Scanner/Info.plist";
				IPHONEOS_DEPLOYMENT_TARGET = 11.0;
				LD_RUNPATH_SEARCH_PATHS = "$(inherited) @executable_path/Frameworks";
				PRODUCT_BUNDLE_IDENTIFIER = "com.yangjunrui.InfoLED-Scanner";
				PRODUCT_NAME = "$(TARGET_NAME)";
				SWIFT_SWIFT3_OBJC_INFERENCE = Default;
				SWIFT_VERSION = 4.2;
			};
			name = Debug;
		};
		8C37477F1C99921200EDDF23 /* Release */ = {
			isa = XCBuildConfiguration;
			baseConfigurationReference = 5828379CADF051A875E3CA7C /* Pods-InfoLED Scanner.release.xcconfig */;
			buildSettings = {
				ASSETCATALOG_COMPILER_APPICON_NAME = AppIcon;
				DEVELOPMENT_TEAM = 38RXH56U3G;
				INFOPLIST_FILE = "InfoLED Scanner/Info.plist";
				IPHONEOS_DEPLOYMENT_TARGET = 11.0;
				LD_RUNPATH_SEARCH_PATHS = "$(inherited) @executable_path/Frameworks";
				PRODUCT_BUNDLE_IDENTIFIER = "com.yangjunrui.InfoLED-Scanner";
				PRODUCT_NAME = "$(TARGET_NAME)";
				SWIFT_SWIFT3_OBJC_INFERENCE = Default;
				SWIFT_VERSION = 4.2;
			};
			name = Release;
		};
		8C3747811C99921200EDDF23 /* Debug */ = {
			isa = XCBuildConfiguration;
			baseConfigurationReference = 952C3ED949F64F59A4EE9A69 /* Pods-InfoLED ScannerTests.debug.xcconfig */;
			buildSettings = {
				BUNDLE_LOADER = "$(TEST_HOST)";
				INFOPLIST_FILE = "InfoLED ScannerTests/Info.plist";
				LD_RUNPATH_SEARCH_PATHS = "$(inherited) @executable_path/Frameworks @loader_path/Frameworks";
				PRODUCT_BUNDLE_IDENTIFIER = "com.yangjunrui.InfoLED-ScannerTests";
				PRODUCT_NAME = "$(TARGET_NAME)";
				SWIFT_SWIFT3_OBJC_INFERENCE = On;
				SWIFT_VERSION = 4.2;
				TEST_HOST = "$(BUILT_PRODUCTS_DIR)/InfoLED Scanner.app/InfoLED Scanner";
			};
			name = Debug;
		};
		8C3747821C99921200EDDF23 /* Release */ = {
			isa = XCBuildConfiguration;
			baseConfigurationReference = D3A0BD24396044B7F7F5AEAC /* Pods-InfoLED ScannerTests.release.xcconfig */;
			buildSettings = {
				BUNDLE_LOADER = "$(TEST_HOST)";
				INFOPLIST_FILE = "InfoLED ScannerTests/Info.plist";
				LD_RUNPATH_SEARCH_PATHS = "$(inherited) @executable_path/Frameworks @loader_path/Frameworks";
				PRODUCT_BUNDLE_IDENTIFIER = "com.yangjunrui.InfoLED-ScannerTests";
				PRODUCT_NAME = "$(TARGET_NAME)";
				SWIFT_SWIFT3_OBJC_INFERENCE = On;
				SWIFT_VERSION = 4.2;
				TEST_HOST = "$(BUILT_PRODUCTS_DIR)/InfoLED Scanner.app/InfoLED Scanner";
			};
			name = Release;
		};
		8C3747841C99921200EDDF23 /* Debug */ = {
			isa = XCBuildConfiguration;
			baseConfigurationReference = 1366511913559A9151392AE6 /* Pods-InfoLED ScannerUITests.debug.xcconfig */;
			buildSettings = {
				INFOPLIST_FILE = "InfoLED ScannerUITests/Info.plist";
				LD_RUNPATH_SEARCH_PATHS = "$(inherited) @executable_path/Frameworks @loader_path/Frameworks";
				PRODUCT_BUNDLE_IDENTIFIER = "com.yangjunrui.InfoLED-ScannerUITests";
				PRODUCT_NAME = "$(TARGET_NAME)";
				SWIFT_SWIFT3_OBJC_INFERENCE = On;
				SWIFT_VERSION = 4.2;
				TEST_TARGET_NAME = "InfoLED Scanner";
				USES_XCTRUNNER = YES;
			};
			name = Debug;
		};
		8C3747851C99921200EDDF23 /* Release */ = {
			isa = XCBuildConfiguration;
			baseConfigurationReference = 8361038EFA1653112F28A80D /* Pods-InfoLED ScannerUITests.release.xcconfig */;
			buildSettings = {
				INFOPLIST_FILE = "InfoLED ScannerUITests/Info.plist";
				LD_RUNPATH_SEARCH_PATHS = "$(inherited) @executable_path/Frameworks @loader_path/Frameworks";
				PRODUCT_BUNDLE_IDENTIFIER = "com.yangjunrui.InfoLED-ScannerUITests";
				PRODUCT_NAME = "$(TARGET_NAME)";
				SWIFT_SWIFT3_OBJC_INFERENCE = On;
				SWIFT_VERSION = 4.2;
				TEST_TARGET_NAME = "InfoLED Scanner";
				USES_XCTRUNNER = YES;
			};
			name = Release;
		};
/* End XCBuildConfiguration section */

/* Begin XCConfigurationList section */
		8C37474D1C99921100EDDF23 /* Build configuration list for PBXProject "InfoLED Scanner" */ = {
			isa = XCConfigurationList;
			buildConfigurations = (
				8C37477B1C99921200EDDF23 /* Debug */,
				8C37477C1C99921200EDDF23 /* Release */,
			);
			defaultConfigurationIsVisible = 0;
			defaultConfigurationName = Release;
		};
		8C37477D1C99921200EDDF23 /* Build configuration list for PBXNativeTarget "InfoLED Scanner" */ = {
			isa = XCConfigurationList;
			buildConfigurations = (
				8C37477E1C99921200EDDF23 /* Debug */,
				8C37477F1C99921200EDDF23 /* Release */,
			);
			defaultConfigurationIsVisible = 0;
			defaultConfigurationName = Release;
		};
		8C3747801C99921200EDDF23 /* Build configuration list for PBXNativeTarget "InfoLED ScannerTests" */ = {
			isa = XCConfigurationList;
			buildConfigurations = (
				8C3747811C99921200EDDF23 /* Debug */,
				8C3747821C99921200EDDF23 /* Release */,
			);
			defaultConfigurationIsVisible = 0;
			defaultConfigurationName = Release;
		};
		8C3747831C99921200EDDF23 /* Build configuration list for PBXNativeTarget "InfoLED ScannerUITests" */ = {
			isa = XCConfigurationList;
			buildConfigurations = (
				8C3747841C99921200EDDF23 /* Debug */,
				8C3747851C99921200EDDF23 /* Release */,
			);
			defaultConfigurationIsVisible = 0;
			defaultConfigurationName = Release;
		};
/* End XCConfigurationList section */

/* Begin XCVersionGroup section */
		8C37475C1C99921100EDDF23 /* InfoLED_Scanner.xcdatamodeld */ = {
			isa = XCVersionGroup;
			children = (
				8C37475D1C99921100EDDF23 /* InfoLED_Scanner.xcdatamodel */,
			);
			currentVersion = 8C37475D1C99921100EDDF23 /* InfoLED_Scanner.xcdatamodel */;
			path = InfoLED_Scanner.xcdatamodeld;
			sourceTree = "<group>";
			versionGroupType = wrapper.xcdatamodel;
		};
/* End XCVersionGroup section */
	};
	rootObject = 8C37474A1C99921100EDDF23 /* Project object */;
}
