// !$*UTF8*$!
{
	archiveVersion = 1;
	classes = {
	};
	objectVersion = 50;
	objects = {

/* Begin PBXBuildFile section */
		8CAEED6C22437B960043440A /* main.swift in Sources */ = {isa = PBXBuildFile; fileRef = 8CAEED6B22437B960043440A /* main.swift */; };
		8CAEEDB5224382FA0043440A /* 1_Dark__1m.MOV in CopyFiles */ = {isa = PBXBuildFile; fileRef = 8CAEED7122437BCF0043440A /* 1_Dark__1m.MOV */; };
		8CAEEDB6224382FA0043440A /* 1_Outdoor__5m.MOV in CopyFiles */ = {isa = PBXBuildFile; fileRef = 8CAEED7222437BCF0043440A /* 1_Outdoor__5m.MOV */; };
		8CAEEDB7224382FA0043440A /* 1_Outdoor__4m.MOV in CopyFiles */ = {isa = PBXBuildFile; fileRef = 8CAEED7322437BCF0043440A /* 1_Outdoor__4m.MOV */; };
		8CAEEDB8224382FA0043440A /* 1_Office__1m.MOV in CopyFiles */ = {isa = PBXBuildFile; fileRef = 8CAEED7422437BCF0043440A /* 1_Office__1m.MOV */; };
		8CAEEDB9224382FA0043440A /* 1_Outdoor__3m.MOV in CopyFiles */ = {isa = PBXBuildFile; fileRef = 8CAEED7522437BCF0043440A /* 1_Outdoor__3m.MOV */; };
		8CAEEDBA224382FA0043440A /* 1_Outdoor__2m.MOV in CopyFiles */ = {isa = PBXBuildFile; fileRef = 8CAEED7622437BCF0043440A /* 1_Outdoor__2m.MOV */; };
		8CAEEDBB224382FA0043440A /* 1_Outdoor__1m.MOV in CopyFiles */ = {isa = PBXBuildFile; fileRef = 8CAEED7722437BCF0043440A /* 1_Outdoor__1m.MOV */; };
		8CAEEDBC224382FA0043440A /* 1_Dark__5m.MOV in CopyFiles */ = {isa = PBXBuildFile; fileRef = 8CAEED7822437BCF0043440A /* 1_Dark__5m.MOV */; };
		8CAEEDBD224382FA0043440A /* 1_Office__4m.MOV in CopyFiles */ = {isa = PBXBuildFile; fileRef = 8CAEED7922437BCF0043440A /* 1_Office__4m.MOV */; };
		8CAEEDBE224382FA0043440A /* 1_Office__5m.MOV in CopyFiles */ = {isa = PBXBuildFile; fileRef = 8CAEED7A22437BCF0043440A /* 1_Office__5m.MOV */; };
		8CAEEDBF224382FA0043440A /* 1_Dark__4m.MOV in CopyFiles */ = {isa = PBXBuildFile; fileRef = 8CAEED7B22437BCF0043440A /* 1_Dark__4m.MOV */; };
		8CAEEDC0224382FA0043440A /* 1_Outdoor__7m.MOV in CopyFiles */ = {isa = PBXBuildFile; fileRef = 8CAEED7C22437BCF0043440A /* 1_Outdoor__7m.MOV */; };
		8CAEEDC1224382FA0043440A /* 1_Dark__3m.MOV in CopyFiles */ = {isa = PBXBuildFile; fileRef = 8CAEED7D22437BCF0043440A /* 1_Dark__3m.MOV */; };
		8CAEEDC2224382FA0043440A /* 1_Office__2m.MOV in CopyFiles */ = {isa = PBXBuildFile; fileRef = 8CAEED7E22437BCF0043440A /* 1_Office__2m.MOV */; };
		8CAEEDC3224382FA0043440A /* 1_Office__3m.MOV in CopyFiles */ = {isa = PBXBuildFile; fileRef = 8CAEED7F22437BCF0043440A /* 1_Office__3m.MOV */; };
		8CAEEDC4224382FA0043440A /* 1_Dark__2m.MOV in CopyFiles */ = {isa = PBXBuildFile; fileRef = 8CAEED8022437BCF0043440A /* 1_Dark__2m.MOV */; };
		8CAEEDC5224382FA0043440A /* 1_Outdoor__6m.MOV in CopyFiles */ = {isa = PBXBuildFile; fileRef = 8CAEED8122437BCF0043440A /* 1_Outdoor__6m.MOV */; };
		8CAEEDC6224383000043440A /* 2_Dark__3m.MOV in CopyFiles */ = {isa = PBXBuildFile; fileRef = 8CAEED8422437BCF0043440A /* 2_Dark__3m.MOV */; };
		8CAEEDC7224383000043440A /* 2_Dark__2m.MOV in CopyFiles */ = {isa = PBXBuildFile; fileRef = 8CAEED8522437BCF0043440A /* 2_Dark__2m.MOV */; };
		8CAEEDC8224383000043440A /* 2_Outdoor__1m.MOV in CopyFiles */ = {isa = PBXBuildFile; fileRef = 8CAEED8622437BCF0043440A /* 2_Outdoor__1m.MOV */; };
		8CAEEDC9224383000043440A /* 2_Outdoor__6m.MOV in CopyFiles */ = {isa = PBXBuildFile; fileRef = 8CAEED8722437BCF0043440A /* 2_Outdoor__6m.MOV */; };
		8CAEEDCA224383000043440A /* 2_Dark__5m.MOV in CopyFiles */ = {isa = PBXBuildFile; fileRef = 8CAEED8822437BCF0043440A /* 2_Dark__5m.MOV */; };
		8CAEEDCB224383000043440A /* 2_Office__1m.MOV in CopyFiles */ = {isa = PBXBuildFile; fileRef = 8CAEED8922437BCF0043440A /* 2_Office__1m.MOV */; };
		8CAEEDCC224383000043440A /* 2_Dark__4m.MOV in CopyFiles */ = {isa = PBXBuildFile; fileRef = 8CAEED8A22437BCF0043440A /* 2_Dark__4m.MOV */; };
		8CAEEDCD224383000043440A /* 2_Outdoor__7m.MOV in CopyFiles */ = {isa = PBXBuildFile; fileRef = 8CAEED8B22437BCF0043440A /* 2_Outdoor__7m.MOV */; };
		8CAEEDCE224383000043440A /* 2_Outdoor__4m.MOV in CopyFiles */ = {isa = PBXBuildFile; fileRef = 8CAEED8C22437BCF0043440A /* 2_Outdoor__4m.MOV */; };
		8CAEEDCF224383000043440A /* 2_Office__2m.MOV in CopyFiles */ = {isa = PBXBuildFile; fileRef = 8CAEED8D22437BCF0043440A /* 2_Office__2m.MOV */; };
		8CAEEDD0224383000043440A /* 2_Office__3m.MOV in CopyFiles */ = {isa = PBXBuildFile; fileRef = 8CAEED8E22437BCF0043440A /* 2_Office__3m.MOV */; };
		8CAEEDD1224383000043440A /* 2_Outdoor__5m.MOV in CopyFiles */ = {isa = PBXBuildFile; fileRef = 8CAEED8F22437BCF0043440A /* 2_Outdoor__5m.MOV */; };
		8CAEEDD2224383000043440A /* 2_Office__4m.MOV in CopyFiles */ = {isa = PBXBuildFile; fileRef = 8CAEED9022437BCF0043440A /* 2_Office__4m.MOV */; };
		8CAEEDD3224383000043440A /* 2_Dark__1m.MOV in CopyFiles */ = {isa = PBXBuildFile; fileRef = 8CAEED9122437BCF0043440A /* 2_Dark__1m.MOV */; };
		8CAEEDD4224383000043440A /* 2_Outdoor__2m.MOV in CopyFiles */ = {isa = PBXBuildFile; fileRef = 8CAEED9222437BCF0043440A /* 2_Outdoor__2m.MOV */; };
		8CAEEDD5224383000043440A /* 2_Outdoor__3m.MOV in CopyFiles */ = {isa = PBXBuildFile; fileRef = 8CAEED9322437BCF0043440A /* 2_Outdoor__3m.MOV */; };
		8CAEEDD6224383000043440A /* 2_Office__5m.MOV in CopyFiles */ = {isa = PBXBuildFile; fileRef = 8CAEED9422437BCF0043440A /* 2_Office__5m.MOV */; };
		8CD6444022471BE800802CB4 /* Constants.swift in Sources */ = {isa = PBXBuildFile; fileRef = 8CD6443D22471B5D00802CB4 /* Constants.swift */; };
		8CD6444122471BEA00802CB4 /* EventLogger.swift in Sources */ = {isa = PBXBuildFile; fileRef = 8CD6443E22471B5D00802CB4 /* EventLogger.swift */; };
		8CD6444222471BF000802CB4 /* FlowGraph.swift in Sources */ = {isa = PBXBuildFile; fileRef = 8CD6443822471B3F00802CB4 /* FlowGraph.swift */; };
		8CD6444322471BF000802CB4 /* FrameLensProcessor.swift in Sources */ = {isa = PBXBuildFile; fileRef = 8CD6443922471B3F00802CB4 /* FrameLensProcessor.swift */; };
		8CD6444422471BF000802CB4 /* BoundingBoxConverter.swift in Sources */ = {isa = PBXBuildFile; fileRef = 8CD6443A22471B3F00802CB4 /* BoundingBoxConverter.swift */; };
		8CD6444622471BFA00802CB4 /* LensNode.swift in Sources */ = {isa = PBXBuildFile; fileRef = 8CD6443322471B3C00802CB4 /* LensNode.swift */; };
		8CD6444722471BFA00802CB4 /* HistoryLens.swift in Sources */ = {isa = PBXBuildFile; fileRef = 8CD6443422471B3C00802CB4 /* HistoryLens.swift */; };
		8CD6444822471BFA00802CB4 /* Lens.swift in Sources */ = {isa = PBXBuildFile; fileRef = 8CD6443522471B3C00802CB4 /* Lens.swift */; };
		8CD6444922471BFA00802CB4 /* HistoryProcessor.swift in Sources */ = {isa = PBXBuildFile; fileRef = 8CD6443622471B3C00802CB4 /* HistoryProcessor.swift */; };
		8CD6444A22471C0200802CB4 /* MTLDeviceExtension.swift in Sources */ = {isa = PBXBuildFile; fileRef = 8CD6442B22471B3800802CB4 /* MTLDeviceExtension.swift */; };
		8CD6444B22471C0200802CB4 /* ILSImageDiff.swift in Sources */ = {isa = PBXBuildFile; fileRef = 8CD6442C22471B3800802CB4 /* ILSImageDiff.swift */; };
		8CD6444C22471C0200802CB4 /* ImageDiff.metal in Sources */ = {isa = PBXBuildFile; fileRef = 8CD6442D22471B3800802CB4 /* ImageDiff.metal */; };
		8CD6444D22471C0200802CB4 /* SampleBufferProcessor.swift in Sources */ = {isa = PBXBuildFile; fileRef = 8CD6442E22471B3800802CB4 /* SampleBufferProcessor.swift */; };
		8CD6444E22471C0200802CB4 /* FpsCounter.swift in Sources */ = {isa = PBXBuildFile; fileRef = 8CD6442F22471B3800802CB4 /* FpsCounter.swift */; };
		8CD6444F22471C1800802CB4 /* Queue.swift in Sources */ = {isa = PBXBuildFile; fileRef = 8CD6442822471B2F00802CB4 /* Queue.swift */; };
		8CD6445022471C1800802CB4 /* CcLabel.swift in Sources */ = {isa = PBXBuildFile; fileRef = 8CD6442922471B2F00802CB4 /* CcLabel.swift */; };
/* End PBXBuildFile section */

/* Begin PBXCopyFilesBuildPhase section */
		8CAEED4422437B3F0043440A /* CopyFiles */ = {
			isa = PBXCopyFilesBuildPhase;
			buildActionMask = 12;
			dstPath = Study;
			dstSubfolderSpec = 16;
			files = (
				8CAEEDC6224383000043440A /* 2_Dark__3m.MOV in CopyFiles */,
				8CAEEDC7224383000043440A /* 2_Dark__2m.MOV in CopyFiles */,
				8CAEEDC8224383000043440A /* 2_Outdoor__1m.MOV in CopyFiles */,
				8CAEEDC9224383000043440A /* 2_Outdoor__6m.MOV in CopyFiles */,
				8CAEEDCA224383000043440A /* 2_Dark__5m.MOV in CopyFiles */,
				8CAEEDCB224383000043440A /* 2_Office__1m.MOV in CopyFiles */,
				8CAEEDCC224383000043440A /* 2_Dark__4m.MOV in CopyFiles */,
				8CAEEDCD224383000043440A /* 2_Outdoor__7m.MOV in CopyFiles */,
				8CAEEDCE224383000043440A /* 2_Outdoor__4m.MOV in CopyFiles */,
				8CAEEDCF224383000043440A /* 2_Office__2m.MOV in CopyFiles */,
				8CAEEDD0224383000043440A /* 2_Office__3m.MOV in CopyFiles */,
				8CAEEDD1224383000043440A /* 2_Outdoor__5m.MOV in CopyFiles */,
				8CAEEDD2224383000043440A /* 2_Office__4m.MOV in CopyFiles */,
				8CAEEDD3224383000043440A /* 2_Dark__1m.MOV in CopyFiles */,
				8CAEEDD4224383000043440A /* 2_Outdoor__2m.MOV in CopyFiles */,
				8CAEEDD5224383000043440A /* 2_Outdoor__3m.MOV in CopyFiles */,
				8CAEEDD6224383000043440A /* 2_Office__5m.MOV in CopyFiles */,
				8CAEEDB5224382FA0043440A /* 1_Dark__1m.MOV in CopyFiles */,
				8CAEEDB6224382FA0043440A /* 1_Outdoor__5m.MOV in CopyFiles */,
				8CAEEDB7224382FA0043440A /* 1_Outdoor__4m.MOV in CopyFiles */,
				8CAEEDB8224382FA0043440A /* 1_Office__1m.MOV in CopyFiles */,
				8CAEEDB9224382FA0043440A /* 1_Outdoor__3m.MOV in CopyFiles */,
				8CAEEDBA224382FA0043440A /* 1_Outdoor__2m.MOV in CopyFiles */,
				8CAEEDBB224382FA0043440A /* 1_Outdoor__1m.MOV in CopyFiles */,
				8CAEEDBC224382FA0043440A /* 1_Dark__5m.MOV in CopyFiles */,
				8CAEEDBD224382FA0043440A /* 1_Office__4m.MOV in CopyFiles */,
				8CAEEDBE224382FA0043440A /* 1_Office__5m.MOV in CopyFiles */,
				8CAEEDBF224382FA0043440A /* 1_Dark__4m.MOV in CopyFiles */,
				8CAEEDC0224382FA0043440A /* 1_Outdoor__7m.MOV in CopyFiles */,
				8CAEEDC1224382FA0043440A /* 1_Dark__3m.MOV in CopyFiles */,
				8CAEEDC2224382FA0043440A /* 1_Office__2m.MOV in CopyFiles */,
				8CAEEDC3224382FA0043440A /* 1_Office__3m.MOV in CopyFiles */,
				8CAEEDC4224382FA0043440A /* 1_Dark__2m.MOV in CopyFiles */,
				8CAEEDC5224382FA0043440A /* 1_Outdoor__6m.MOV in CopyFiles */,
			);
			runOnlyForDeploymentPostprocessing = 0;
		};
/* End PBXCopyFilesBuildPhase section */

/* Begin PBXFileReference section */
		8CAEED4622437B3F0043440A /* InfoLED-Testing */ = {isa = PBXFileReference; explicitFileType = "compiled.mach-o.executable"; includeInIndex = 0; path = "InfoLED-Testing"; sourceTree = BUILT_PRODUCTS_DIR; };
		8CAEED6B22437B960043440A /* main.swift */ = {isa = PBXFileReference; lastKnownFileType = sourcecode.swift; path = main.swift; sourceTree = "<group>"; };
		8CAEED6F22437BCF0043440A /* strip_recording_name.py */ = {isa = PBXFileReference; fileEncoding = 4; lastKnownFileType = text.script.python; path = strip_recording_name.py; sourceTree = "<group>"; };
		8CAEED7122437BCF0043440A /* 1_Dark__1m.MOV */ = {isa = PBXFileReference; lastKnownFileType = video.quicktime; path = 1_Dark__1m.MOV; sourceTree = "<group>"; };
		8CAEED7222437BCF0043440A /* 1_Outdoor__5m.MOV */ = {isa = PBXFileReference; lastKnownFileType = video.quicktime; path = 1_Outdoor__5m.MOV; sourceTree = "<group>"; };
		8CAEED7322437BCF0043440A /* 1_Outdoor__4m.MOV */ = {isa = PBXFileReference; lastKnownFileType = video.quicktime; path = 1_Outdoor__4m.MOV; sourceTree = "<group>"; };
		8CAEED7422437BCF0043440A /* 1_Office__1m.MOV */ = {isa = PBXFileReference; lastKnownFileType = video.quicktime; path = 1_Office__1m.MOV; sourceTree = "<group>"; };
		8CAEED7522437BCF0043440A /* 1_Outdoor__3m.MOV */ = {isa = PBXFileReference; lastKnownFileType = video.quicktime; path = 1_Outdoor__3m.MOV; sourceTree = "<group>"; };
		8CAEED7622437BCF0043440A /* 1_Outdoor__2m.MOV */ = {isa = PBXFileReference; lastKnownFileType = video.quicktime; path = 1_Outdoor__2m.MOV; sourceTree = "<group>"; };
		8CAEED7722437BCF0043440A /* 1_Outdoor__1m.MOV */ = {isa = PBXFileReference; lastKnownFileType = video.quicktime; path = 1_Outdoor__1m.MOV; sourceTree = "<group>"; };
		8CAEED7822437BCF0043440A /* 1_Dark__5m.MOV */ = {isa = PBXFileReference; lastKnownFileType = video.quicktime; path = 1_Dark__5m.MOV; sourceTree = "<group>"; };
		8CAEED7922437BCF0043440A /* 1_Office__4m.MOV */ = {isa = PBXFileReference; lastKnownFileType = video.quicktime; path = 1_Office__4m.MOV; sourceTree = "<group>"; };
		8CAEED7A22437BCF0043440A /* 1_Office__5m.MOV */ = {isa = PBXFileReference; lastKnownFileType = video.quicktime; path = 1_Office__5m.MOV; sourceTree = "<group>"; };
		8CAEED7B22437BCF0043440A /* 1_Dark__4m.MOV */ = {isa = PBXFileReference; lastKnownFileType = video.quicktime; path = 1_Dark__4m.MOV; sourceTree = "<group>"; };
		8CAEED7C22437BCF0043440A /* 1_Outdoor__7m.MOV */ = {isa = PBXFileReference; lastKnownFileType = video.quicktime; path = 1_Outdoor__7m.MOV; sourceTree = "<group>"; };
		8CAEED7D22437BCF0043440A /* 1_Dark__3m.MOV */ = {isa = PBXFileReference; lastKnownFileType = video.quicktime; path = 1_Dark__3m.MOV; sourceTree = "<group>"; };
		8CAEED7E22437BCF0043440A /* 1_Office__2m.MOV */ = {isa = PBXFileReference; lastKnownFileType = video.quicktime; path = 1_Office__2m.MOV; sourceTree = "<group>"; };
		8CAEED7F22437BCF0043440A /* 1_Office__3m.MOV */ = {isa = PBXFileReference; lastKnownFileType = video.quicktime; path = 1_Office__3m.MOV; sourceTree = "<group>"; };
		8CAEED8022437BCF0043440A /* 1_Dark__2m.MOV */ = {isa = PBXFileReference; lastKnownFileType = video.quicktime; path = 1_Dark__2m.MOV; sourceTree = "<group>"; };
		8CAEED8122437BCF0043440A /* 1_Outdoor__6m.MOV */ = {isa = PBXFileReference; lastKnownFileType = video.quicktime; path = 1_Outdoor__6m.MOV; sourceTree = "<group>"; };
		8CAEED8222437BCF0043440A /* .gitignore */ = {isa = PBXFileReference; fileEncoding = 4; lastKnownFileType = text; path = .gitignore; sourceTree = "<group>"; };
		8CAEED8422437BCF0043440A /* 2_Dark__3m.MOV */ = {isa = PBXFileReference; lastKnownFileType = video.quicktime; path = 2_Dark__3m.MOV; sourceTree = "<group>"; };
		8CAEED8522437BCF0043440A /* 2_Dark__2m.MOV */ = {isa = PBXFileReference; lastKnownFileType = video.quicktime; path = 2_Dark__2m.MOV; sourceTree = "<group>"; };
		8CAEED8622437BCF0043440A /* 2_Outdoor__1m.MOV */ = {isa = PBXFileReference; lastKnownFileType = video.quicktime; path = 2_Outdoor__1m.MOV; sourceTree = "<group>"; };
		8CAEED8722437BCF0043440A /* 2_Outdoor__6m.MOV */ = {isa = PBXFileReference; lastKnownFileType = video.quicktime; path = 2_Outdoor__6m.MOV; sourceTree = "<group>"; };
		8CAEED8822437BCF0043440A /* 2_Dark__5m.MOV */ = {isa = PBXFileReference; lastKnownFileType = video.quicktime; path = 2_Dark__5m.MOV; sourceTree = "<group>"; };
		8CAEED8922437BCF0043440A /* 2_Office__1m.MOV */ = {isa = PBXFileReference; lastKnownFileType = video.quicktime; path = 2_Office__1m.MOV; sourceTree = "<group>"; };
		8CAEED8A22437BCF0043440A /* 2_Dark__4m.MOV */ = {isa = PBXFileReference; lastKnownFileType = video.quicktime; path = 2_Dark__4m.MOV; sourceTree = "<group>"; };
		8CAEED8B22437BCF0043440A /* 2_Outdoor__7m.MOV */ = {isa = PBXFileReference; lastKnownFileType = video.quicktime; path = 2_Outdoor__7m.MOV; sourceTree = "<group>"; };
		8CAEED8C22437BCF0043440A /* 2_Outdoor__4m.MOV */ = {isa = PBXFileReference; lastKnownFileType = video.quicktime; path = 2_Outdoor__4m.MOV; sourceTree = "<group>"; };
		8CAEED8D22437BCF0043440A /* 2_Office__2m.MOV */ = {isa = PBXFileReference; lastKnownFileType = video.quicktime; path = 2_Office__2m.MOV; sourceTree = "<group>"; };
		8CAEED8E22437BCF0043440A /* 2_Office__3m.MOV */ = {isa = PBXFileReference; lastKnownFileType = video.quicktime; path = 2_Office__3m.MOV; sourceTree = "<group>"; };
		8CAEED8F22437BCF0043440A /* 2_Outdoor__5m.MOV */ = {isa = PBXFileReference; lastKnownFileType = video.quicktime; path = 2_Outdoor__5m.MOV; sourceTree = "<group>"; };
		8CAEED9022437BCF0043440A /* 2_Office__4m.MOV */ = {isa = PBXFileReference; lastKnownFileType = video.quicktime; path = 2_Office__4m.MOV; sourceTree = "<group>"; };
		8CAEED9122437BCF0043440A /* 2_Dark__1m.MOV */ = {isa = PBXFileReference; lastKnownFileType = video.quicktime; path = 2_Dark__1m.MOV; sourceTree = "<group>"; };
		8CAEED9222437BCF0043440A /* 2_Outdoor__2m.MOV */ = {isa = PBXFileReference; lastKnownFileType = video.quicktime; path = 2_Outdoor__2m.MOV; sourceTree = "<group>"; };
		8CAEED9322437BCF0043440A /* 2_Outdoor__3m.MOV */ = {isa = PBXFileReference; lastKnownFileType = video.quicktime; path = 2_Outdoor__3m.MOV; sourceTree = "<group>"; };
		8CAEED9422437BCF0043440A /* 2_Office__5m.MOV */ = {isa = PBXFileReference; lastKnownFileType = video.quicktime; path = 2_Office__5m.MOV; sourceTree = "<group>"; };
		8CAEED9622437BCF0043440A /* Study.iml */ = {isa = PBXFileReference; fileEncoding = 4; lastKnownFileType = text.xml; path = Study.iml; sourceTree = "<group>"; };
		8CAEED9722437BCF0043440A /* encodings.xml */ = {isa = PBXFileReference; fileEncoding = 4; lastKnownFileType = text.xml; path = encodings.xml; sourceTree = "<group>"; };
		8CAEED9822437BCF0043440A /* vcs.xml */ = {isa = PBXFileReference; fileEncoding = 4; lastKnownFileType = text.xml; path = vcs.xml; sourceTree = "<group>"; };
		8CAEED9922437BCF0043440A /* other.xml */ = {isa = PBXFileReference; fileEncoding = 4; lastKnownFileType = text.xml; path = other.xml; sourceTree = "<group>"; };
		8CAEED9A22437BCF0043440A /* workspace.xml */ = {isa = PBXFileReference; fileEncoding = 4; lastKnownFileType = text.xml; path = workspace.xml; sourceTree = "<group>"; };
		8CAEED9B22437BCF0043440A /* modules.xml */ = {isa = PBXFileReference; fileEncoding = 4; lastKnownFileType = text.xml; path = modules.xml; sourceTree = "<group>"; };
		8CAEED9C22437BCF0043440A /* misc.xml */ = {isa = PBXFileReference; fileEncoding = 4; lastKnownFileType = text.xml; path = misc.xml; sourceTree = "<group>"; };
		8CAEED9D22437BCF0043440A /* IMG_5622.MOV */ = {isa = PBXFileReference; lastKnownFileType = video.quicktime; path = IMG_5622.MOV; sourceTree = "<group>"; };
		8CAEEDA022437BCF0043440A /* 100cm.MOV */ = {isa = PBXFileReference; lastKnownFileType = video.quicktime; path = 100cm.MOV; sourceTree = "<group>"; };
		8CAEEDA122437BCF0043440A /* 20cm.MOV */ = {isa = PBXFileReference; lastKnownFileType = video.quicktime; path = 20cm.MOV; sourceTree = "<group>"; };
		8CAEEDA222437BCF0043440A /* 80cm.MOV */ = {isa = PBXFileReference; lastKnownFileType = video.quicktime; path = 80cm.MOV; sourceTree = "<group>"; };
		8CAEEDA322437BCF0043440A /* 40cm.MOV */ = {isa = PBXFileReference; lastKnownFileType = video.quicktime; path = 40cm.MOV; sourceTree = "<group>"; };
		8CAEEDA422437BCF0043440A /* 60cm.MOV */ = {isa = PBXFileReference; lastKnownFileType = video.quicktime; path = 60cm.MOV; sourceTree = "<group>"; };
		8CAEEDA622437BCF0043440A /* 30cm.MOV */ = {isa = PBXFileReference; lastKnownFileType = video.quicktime; path = 30cm.MOV; sourceTree = "<group>"; };
		8CAEEDA722437BCF0043440A /* 10cm.MOV */ = {isa = PBXFileReference; lastKnownFileType = video.quicktime; path = 10cm.MOV; sourceTree = "<group>"; };
		8CAEEDA822437BCF0043440A /* 50cm.MOV */ = {isa = PBXFileReference; lastKnownFileType = video.quicktime; path = 50cm.MOV; sourceTree = "<group>"; };
		8CAEEDA922437BCF0043440A /* 20cm.MOV */ = {isa = PBXFileReference; lastKnownFileType = video.quicktime; path = 20cm.MOV; sourceTree = "<group>"; };
		8CAEEDAA22437BCF0043440A /* 40cm.MOV */ = {isa = PBXFileReference; lastKnownFileType = video.quicktime; path = 40cm.MOV; sourceTree = "<group>"; };
		8CAEEDAB22437BCF0043440A /* IMG_5792.MOV */ = {isa = PBXFileReference; lastKnownFileType = video.quicktime; path = IMG_5792.MOV; sourceTree = "<group>"; };
		8CAEEDAC22437BCF0043440A /* .gitattributes */ = {isa = PBXFileReference; fileEncoding = 4; lastKnownFileType = text; path = .gitattributes; sourceTree = "<group>"; };
		8CAEEDAD22437BCF0043440A /* IMG_5696.MOV */ = {isa = PBXFileReference; lastKnownFileType = video.quicktime; path = IMG_5696.MOV; sourceTree = "<group>"; };
		8CAEEDAE22437BCF0043440A /* IMG_5695.MOV */ = {isa = PBXFileReference; lastKnownFileType = video.quicktime; path = IMG_5695.MOV; sourceTree = "<group>"; };
		8CAEEDB022437BCF0043440A /* test.MOV */ = {isa = PBXFileReference; lastKnownFileType = video.quicktime; path = test.MOV; sourceTree = "<group>"; };
		8CD6442822471B2F00802CB4 /* Queue.swift */ = {isa = PBXFileReference; fileEncoding = 4; lastKnownFileType = sourcecode.swift; path = Queue.swift; sourceTree = "<group>"; };
		8CD6442922471B2F00802CB4 /* CcLabel.swift */ = {isa = PBXFileReference; lastKnownFileType = sourcecode.swift; path = CcLabel.swift; sourceTree = "<group>"; };
		8CD6442B22471B3800802CB4 /* MTLDeviceExtension.swift */ = {isa = PBXFileReference; fileEncoding = 4; lastKnownFileType = sourcecode.swift; path = MTLDeviceExtension.swift; sourceTree = "<group>"; };
		8CD6442C22471B3800802CB4 /* ILSImageDiff.swift */ = {isa = PBXFileReference; fileEncoding = 4; lastKnownFileType = sourcecode.swift; path = ILSImageDiff.swift; sourceTree = "<group>"; };
		8CD6442D22471B3800802CB4 /* ImageDiff.metal */ = {isa = PBXFileReference; fileEncoding = 4; lastKnownFileType = sourcecode.metal; path = ImageDiff.metal; sourceTree = "<group>"; };
		8CD6442E22471B3800802CB4 /* SampleBufferProcessor.swift */ = {isa = PBXFileReference; lastKnownFileType = sourcecode.swift; path = SampleBufferProcessor.swift; sourceTree = "<group>"; };
		8CD6442F22471B3800802CB4 /* FpsCounter.swift */ = {isa = PBXFileReference; fileEncoding = 4; lastKnownFileType = sourcecode.swift; path = FpsCounter.swift; sourceTree = "<group>"; };
		8CD6443322471B3C00802CB4 /* LensNode.swift */ = {isa = PBXFileReference; lastKnownFileType = sourcecode.swift; path = LensNode.swift; sourceTree = "<group>"; };
		8CD6443422471B3C00802CB4 /* HistoryLens.swift */ = {isa = PBXFileReference; lastKnownFileType = sourcecode.swift; path = HistoryLens.swift; sourceTree = "<group>"; };
		8CD6443522471B3C00802CB4 /* Lens.swift */ = {isa = PBXFileReference; lastKnownFileType = sourcecode.swift; path = Lens.swift; sourceTree = "<group>"; };
		8CD6443622471B3C00802CB4 /* HistoryProcessor.swift */ = {isa = PBXFileReference; lastKnownFileType = sourcecode.swift; path = HistoryProcessor.swift; sourceTree = "<group>"; };
		8CD6443822471B3F00802CB4 /* FlowGraph.swift */ = {isa = PBXFileReference; lastKnownFileType = sourcecode.swift; path = FlowGraph.swift; sourceTree = "<group>"; };
		8CD6443922471B3F00802CB4 /* FrameLensProcessor.swift */ = {isa = PBXFileReference; lastKnownFileType = sourcecode.swift; path = FrameLensProcessor.swift; sourceTree = "<group>"; };
		8CD6443A22471B3F00802CB4 /* BoundingBoxConverter.swift */ = {isa = PBXFileReference; lastKnownFileType = sourcecode.swift; path = BoundingBoxConverter.swift; sourceTree = "<group>"; };
		8CD6443D22471B5D00802CB4 /* Constants.swift */ = {isa = PBXFileReference; lastKnownFileType = sourcecode.swift; path = Constants.swift; sourceTree = "<group>"; };
		8CD6443E22471B5D00802CB4 /* EventLogger.swift */ = {isa = PBXFileReference; lastKnownFileType = sourcecode.swift; path = EventLogger.swift; sourceTree = "<group>"; };
/* End PBXFileReference section */

/* Begin PBXFrameworksBuildPhase section */
		8CAEED4322437B3F0043440A /* Frameworks */ = {
			isa = PBXFrameworksBuildPhase;
			buildActionMask = 2147483647;
			files = (
			);
			runOnlyForDeploymentPostprocessing = 0;
		};
/* End PBXFrameworksBuildPhase section */

/* Begin PBXGroup section */
		8CAEED3D22437B3F0043440A = {
			isa = PBXGroup;
			children = (
				8CAEED6D22437BCF0043440A /* InfoLED TestData */,
				8CAEED4822437B3F0043440A /* InfoLED-Testing */,
				8CAEED4722437B3F0043440A /* Products */,
			);
			sourceTree = "<group>";
		};
		8CAEED4722437B3F0043440A /* Products */ = {
			isa = PBXGroup;
			children = (
				8CAEED4622437B3F0043440A /* InfoLED-Testing */,
			);
			name = Products;
			sourceTree = "<group>";
		};
		8CAEED4822437B3F0043440A /* InfoLED-Testing */ = {
			isa = PBXGroup;
			children = (
				8CD6443F22471B5D00802CB4 /* Shared */,
				8CD6443B22471B3F00802CB4 /* LensMatching */,
				8CD6443722471B3C00802CB4 /* Lens */,
				8CD6443022471B3800802CB4 /* FrameProcessing */,
				8CD6442A22471B2F00802CB4 /* External */,
				8CAEED6B22437B960043440A /* main.swift */,
			);
			path = "InfoLED-Testing";
			sourceTree = "<group>";
		};
		8CAEED6D22437BCF0043440A /* InfoLED TestData */ = {
			isa = PBXGroup;
			children = (
				8CAEED6E22437BCF0043440A /* Study */,
				8CAEED9D22437BCF0043440A /* IMG_5622.MOV */,
				8CAEED9E22437BCF0043440A /* 03-05 */,
				8CAEEDAB22437BCF0043440A /* IMG_5792.MOV */,
				8CAEEDAC22437BCF0043440A /* .gitattributes */,
				8CAEEDAD22437BCF0043440A /* IMG_5696.MOV */,
				8CAEEDAE22437BCF0043440A /* IMG_5695.MOV */,
				8CAEEDAF22437BCF0043440A /* Pilot Study */,
			);
			name = "InfoLED TestData";
			path = "../InfoLED TestData";
			sourceTree = "<group>";
		};
		8CAEED6E22437BCF0043440A /* Study */ = {
			isa = PBXGroup;
			children = (
				8CAEED8222437BCF0043440A /* .gitignore */,
				8CAEED6F22437BCF0043440A /* strip_recording_name.py */,
				8CAEED7022437BCF0043440A /* 1 */,
				8CAEED8322437BCF0043440A /* 2 */,
				8CAEED9522437BCF0043440A /* .idea */,
			);
			path = Study;
			sourceTree = "<group>";
		};
		8CAEED7022437BCF0043440A /* 1 */ = {
			isa = PBXGroup;
			children = (
				8CAEED7122437BCF0043440A /* 1_Dark__1m.MOV */,
				8CAEED7222437BCF0043440A /* 1_Outdoor__5m.MOV */,
				8CAEED7322437BCF0043440A /* 1_Outdoor__4m.MOV */,
				8CAEED7422437BCF0043440A /* 1_Office__1m.MOV */,
				8CAEED7522437BCF0043440A /* 1_Outdoor__3m.MOV */,
				8CAEED7622437BCF0043440A /* 1_Outdoor__2m.MOV */,
				8CAEED7722437BCF0043440A /* 1_Outdoor__1m.MOV */,
				8CAEED7822437BCF0043440A /* 1_Dark__5m.MOV */,
				8CAEED7922437BCF0043440A /* 1_Office__4m.MOV */,
				8CAEED7A22437BCF0043440A /* 1_Office__5m.MOV */,
				8CAEED7B22437BCF0043440A /* 1_Dark__4m.MOV */,
				8CAEED7C22437BCF0043440A /* 1_Outdoor__7m.MOV */,
				8CAEED7D22437BCF0043440A /* 1_Dark__3m.MOV */,
				8CAEED7E22437BCF0043440A /* 1_Office__2m.MOV */,
				8CAEED7F22437BCF0043440A /* 1_Office__3m.MOV */,
				8CAEED8022437BCF0043440A /* 1_Dark__2m.MOV */,
				8CAEED8122437BCF0043440A /* 1_Outdoor__6m.MOV */,
			);
			path = 1;
			sourceTree = "<group>";
		};
		8CAEED8322437BCF0043440A /* 2 */ = {
			isa = PBXGroup;
			children = (
				8CAEED8422437BCF0043440A /* 2_Dark__3m.MOV */,
				8CAEED8522437BCF0043440A /* 2_Dark__2m.MOV */,
				8CAEED8622437BCF0043440A /* 2_Outdoor__1m.MOV */,
				8CAEED8722437BCF0043440A /* 2_Outdoor__6m.MOV */,
				8CAEED8822437BCF0043440A /* 2_Dark__5m.MOV */,
				8CAEED8922437BCF0043440A /* 2_Office__1m.MOV */,
				8CAEED8A22437BCF0043440A /* 2_Dark__4m.MOV */,
				8CAEED8B22437BCF0043440A /* 2_Outdoor__7m.MOV */,
				8CAEED8C22437BCF0043440A /* 2_Outdoor__4m.MOV */,
				8CAEED8D22437BCF0043440A /* 2_Office__2m.MOV */,
				8CAEED8E22437BCF0043440A /* 2_Office__3m.MOV */,
				8CAEED8F22437BCF0043440A /* 2_Outdoor__5m.MOV */,
				8CAEED9022437BCF0043440A /* 2_Office__4m.MOV */,
				8CAEED9122437BCF0043440A /* 2_Dark__1m.MOV */,
				8CAEED9222437BCF0043440A /* 2_Outdoor__2m.MOV */,
				8CAEED9322437BCF0043440A /* 2_Outdoor__3m.MOV */,
				8CAEED9422437BCF0043440A /* 2_Office__5m.MOV */,
			);
			path = 2;
			sourceTree = "<group>";
		};
		8CAEED9522437BCF0043440A /* .idea */ = {
			isa = PBXGroup;
			children = (
				8CAEED9622437BCF0043440A /* Study.iml */,
				8CAEED9722437BCF0043440A /* encodings.xml */,
				8CAEED9822437BCF0043440A /* vcs.xml */,
				8CAEED9922437BCF0043440A /* other.xml */,
				8CAEED9A22437BCF0043440A /* workspace.xml */,
				8CAEED9B22437BCF0043440A /* modules.xml */,
				8CAEED9C22437BCF0043440A /* misc.xml */,
			);
			path = .idea;
			sourceTree = "<group>";
		};
		8CAEED9E22437BCF0043440A /* 03-05 */ = {
			isa = PBXGroup;
			children = (
				8CAEED9F22437BCF0043440A /* 2x */,
				8CAEEDA522437BCF0043440A /* 1x */,
			);
			path = "03-05";
			sourceTree = "<group>";
		};
		8CAEED9F22437BCF0043440A /* 2x */ = {
			isa = PBXGroup;
			children = (
				8CAEEDA022437BCF0043440A /* 100cm.MOV */,
				8CAEEDA122437BCF0043440A /* 20cm.MOV */,
				8CAEEDA222437BCF0043440A /* 80cm.MOV */,
				8CAEEDA322437BCF0043440A /* 40cm.MOV */,
				8CAEEDA422437BCF0043440A /* 60cm.MOV */,
			);
			path = 2x;
			sourceTree = "<group>";
		};
		8CAEEDA522437BCF0043440A /* 1x */ = {
			isa = PBXGroup;
			children = (
				8CAEEDA622437BCF0043440A /* 30cm.MOV */,
				8CAEEDA722437BCF0043440A /* 10cm.MOV */,
				8CAEEDA822437BCF0043440A /* 50cm.MOV */,
				8CAEEDA922437BCF0043440A /* 20cm.MOV */,
				8CAEEDAA22437BCF0043440A /* 40cm.MOV */,
			);
			path = 1x;
			sourceTree = "<group>";
		};
		8CAEEDAF22437BCF0043440A /* Pilot Study */ = {
			isa = PBXGroup;
			children = (
				8CAEEDB022437BCF0043440A /* test.MOV */,
			);
			path = "Pilot Study";
			sourceTree = "<group>";
		};
		8CD6442A22471B2F00802CB4 /* External */ = {
			isa = PBXGroup;
			children = (
				8CD6442822471B2F00802CB4 /* Queue.swift */,
				8CD6442922471B2F00802CB4 /* CcLabel.swift */,
			);
			path = External;
			sourceTree = "<group>";
		};
		8CD6443022471B3800802CB4 /* FrameProcessing */ = {
			isa = PBXGroup;
			children = (
				8CD6442B22471B3800802CB4 /* MTLDeviceExtension.swift */,
				8CD6442C22471B3800802CB4 /* ILSImageDiff.swift */,
				8CD6442D22471B3800802CB4 /* ImageDiff.metal */,
				8CD6442E22471B3800802CB4 /* SampleBufferProcessor.swift */,
				8CD6442F22471B3800802CB4 /* FpsCounter.swift */,
			);
			path = FrameProcessing;
			sourceTree = "<group>";
		};
		8CD6443722471B3C00802CB4 /* Lens */ = {
			isa = PBXGroup;
			children = (
				8CD6443322471B3C00802CB4 /* LensNode.swift */,
				8CD6443422471B3C00802CB4 /* HistoryLens.swift */,
				8CD6443522471B3C00802CB4 /* Lens.swift */,
				8CD6443622471B3C00802CB4 /* HistoryProcessor.swift */,
			);
			path = Lens;
			sourceTree = "<group>";
		};
		8CD6443B22471B3F00802CB4 /* LensMatching */ = {
			isa = PBXGroup;
			children = (
				8CD6443822471B3F00802CB4 /* FlowGraph.swift */,
				8CD6443922471B3F00802CB4 /* FrameLensProcessor.swift */,
				8CD6443A22471B3F00802CB4 /* BoundingBoxConverter.swift */,
			);
			path = LensMatching;
			sourceTree = "<group>";
		};
		8CD6443F22471B5D00802CB4 /* Shared */ = {
			isa = PBXGroup;
			children = (
				8CD6443D22471B5D00802CB4 /* Constants.swift */,
				8CD6443E22471B5D00802CB4 /* EventLogger.swift */,
			);
			path = Shared;
			sourceTree = "<group>";
		};
/* End PBXGroup section */

/* Begin PBXNativeTarget section */
		8CAEED4522437B3F0043440A /* InfoLED-Testing */ = {
			isa = PBXNativeTarget;
			buildConfigurationList = 8CAEED4D22437B3F0043440A /* Build configuration list for PBXNativeTarget "InfoLED-Testing" */;
			buildPhases = (
				8CAEED4222437B3F0043440A /* Sources */,
				8CAEED4322437B3F0043440A /* Frameworks */,
				8CAEED4422437B3F0043440A /* CopyFiles */,
			);
			buildRules = (
			);
			dependencies = (
			);
			name = "InfoLED-Testing";
			productName = "InfoLED-Testing";
			productReference = 8CAEED4622437B3F0043440A /* InfoLED-Testing */;
			productType = "com.apple.product-type.tool";
		};
/* End PBXNativeTarget section */

/* Begin PBXProject section */
		8CAEED3E22437B3F0043440A /* Project object */ = {
			isa = PBXProject;
			attributes = {
				LastSwiftUpdateCheck = 1010;
				LastUpgradeCheck = 1010;
				ORGANIZATIONNAME = "Jackie Yang";
				TargetAttributes = {
					8CAEED4522437B3F0043440A = {
						CreatedOnToolsVersion = 10.1;
					};
				};
			};
			buildConfigurationList = 8CAEED4122437B3F0043440A /* Build configuration list for PBXProject "InfoLED-Testing" */;
			compatibilityVersion = "Xcode 9.3";
			developmentRegion = en;
			hasScannedForEncodings = 0;
			knownRegions = (
				en,
			);
			mainGroup = 8CAEED3D22437B3F0043440A;
			productRefGroup = 8CAEED4722437B3F0043440A /* Products */;
			projectDirPath = "";
			projectRoot = "";
			targets = (
				8CAEED4522437B3F0043440A /* InfoLED-Testing */,
			);
		};
/* End PBXProject section */

/* Begin PBXSourcesBuildPhase section */
		8CAEED4222437B3F0043440A /* Sources */ = {
			isa = PBXSourcesBuildPhase;
			buildActionMask = 2147483647;
			files = (
				8CD6444D22471C0200802CB4 /* SampleBufferProcessor.swift in Sources */,
				8CD6444922471BFA00802CB4 /* HistoryProcessor.swift in Sources */,
				8CD6444422471BF000802CB4 /* BoundingBoxConverter.swift in Sources */,
				8CD6444722471BFA00802CB4 /* HistoryLens.swift in Sources */,
				8CD6444E22471C0200802CB4 /* FpsCounter.swift in Sources */,
				8CD6444622471BFA00802CB4 /* LensNode.swift in Sources */,
				8CD6444322471BF000802CB4 /* FrameLensProcessor.swift in Sources */,
				8CD6444A22471C0200802CB4 /* MTLDeviceExtension.swift in Sources */,
				8CD6444B22471C0200802CB4 /* ILSImageDiff.swift in Sources */,
				8CD6444222471BF000802CB4 /* FlowGraph.swift in Sources */,
				8CD6445022471C1800802CB4 /* CcLabel.swift in Sources */,
				8CAEED6C22437B960043440A /* main.swift in Sources */,
				8CD6444022471BE800802CB4 /* Constants.swift in Sources */,
				8CD6444122471BEA00802CB4 /* EventLogger.swift in Sources */,
				8CD6444F22471C1800802CB4 /* Queue.swift in Sources */,
				8CD6444C22471C0200802CB4 /* ImageDiff.metal in Sources */,
				8CD6444822471BFA00802CB4 /* Lens.swift in Sources */,
			);
			runOnlyForDeploymentPostprocessing = 0;
		};
/* End PBXSourcesBuildPhase section */

/* Begin XCBuildConfiguration section */
		8CAEED4B22437B3F0043440A /* Debug */ = {
			isa = XCBuildConfiguration;
			buildSettings = {
				ALWAYS_SEARCH_USER_PATHS = NO;
				CLANG_ANALYZER_NONNULL = YES;
				CLANG_ANALYZER_NUMBER_OBJECT_CONVERSION = YES_AGGRESSIVE;
				CLANG_CXX_LANGUAGE_STANDARD = "gnu++14";
				CLANG_CXX_LIBRARY = "libc++";
				CLANG_ENABLE_MODULES = YES;
				CLANG_ENABLE_OBJC_ARC = YES;
				CLANG_ENABLE_OBJC_WEAK = YES;
				CLANG_WARN_BLOCK_CAPTURE_AUTORELEASING = YES;
				CLANG_WARN_BOOL_CONVERSION = YES;
				CLANG_WARN_COMMA = YES;
				CLANG_WARN_CONSTANT_CONVERSION = YES;
				CLANG_WARN_DEPRECATED_OBJC_IMPLEMENTATIONS = YES;
				CLANG_WARN_DIRECT_OBJC_ISA_USAGE = YES_ERROR;
				CLANG_WARN_DOCUMENTATION_COMMENTS = YES;
				CLANG_WARN_EMPTY_BODY = YES;
				CLANG_WARN_ENUM_CONVERSION = YES;
				CLANG_WARN_INFINITE_RECURSION = YES;
				CLANG_WARN_INT_CONVERSION = YES;
				CLANG_WARN_NON_LITERAL_NULL_CONVERSION = YES;
				CLANG_WARN_OBJC_IMPLICIT_RETAIN_SELF = YES;
				CLANG_WARN_OBJC_LITERAL_CONVERSION = YES;
				CLANG_WARN_OBJC_ROOT_CLASS = YES_ERROR;
				CLANG_WARN_RANGE_LOOP_ANALYSIS = YES;
				CLANG_WARN_STRICT_PROTOTYPES = YES;
				CLANG_WARN_SUSPICIOUS_MOVE = YES;
				CLANG_WARN_UNGUARDED_AVAILABILITY = YES_AGGRESSIVE;
				CLANG_WARN_UNREACHABLE_CODE = YES;
				CLANG_WARN__DUPLICATE_METHOD_MATCH = YES;
				CODE_SIGN_IDENTITY = "Mac Developer";
				COPY_PHASE_STRIP = NO;
				DEBUG_INFORMATION_FORMAT = dwarf;
				ENABLE_STRICT_OBJC_MSGSEND = YES;
				ENABLE_TESTABILITY = YES;
				GCC_C_LANGUAGE_STANDARD = gnu11;
				GCC_DYNAMIC_NO_PIC = NO;
				GCC_NO_COMMON_BLOCKS = YES;
				GCC_OPTIMIZATION_LEVEL = 0;
				GCC_PREPROCESSOR_DEFINITIONS = (
					"DEBUG=1",
					"$(inherited)",
				);
				GCC_WARN_64_TO_32_BIT_CONVERSION = YES;
				GCC_WARN_ABOUT_RETURN_TYPE = YES_ERROR;
				GCC_WARN_UNDECLARED_SELECTOR = YES;
				GCC_WARN_UNINITIALIZED_AUTOS = YES_AGGRESSIVE;
				GCC_WARN_UNUSED_FUNCTION = YES;
				GCC_WARN_UNUSED_VARIABLE = YES;
				MACOSX_DEPLOYMENT_TARGET = 10.14;
				MTL_ENABLE_DEBUG_INFO = INCLUDE_SOURCE;
				MTL_FAST_MATH = YES;
				ONLY_ACTIVE_ARCH = YES;
				SDKROOT = macosx;
				SWIFT_ACTIVE_COMPILATION_CONDITIONS = DEBUG;
				SWIFT_OPTIMIZATION_LEVEL = "-Onone";
			};
			name = Debug;
		};
		8CAEED4C22437B3F0043440A /* Release */ = {
			isa = XCBuildConfiguration;
			buildSettings = {
				ALWAYS_SEARCH_USER_PATHS = NO;
				CLANG_ANALYZER_NONNULL = YES;
				CLANG_ANALYZER_NUMBER_OBJECT_CONVERSION = YES_AGGRESSIVE;
				CLANG_CXX_LANGUAGE_STANDARD = "gnu++14";
				CLANG_CXX_LIBRARY = "libc++";
				CLANG_ENABLE_MODULES = YES;
				CLANG_ENABLE_OBJC_ARC = YES;
				CLANG_ENABLE_OBJC_WEAK = YES;
				CLANG_WARN_BLOCK_CAPTURE_AUTORELEASING = YES;
				CLANG_WARN_BOOL_CONVERSION = YES;
				CLANG_WARN_COMMA = YES;
				CLANG_WARN_CONSTANT_CONVERSION = YES;
				CLANG_WARN_DEPRECATED_OBJC_IMPLEMENTATIONS = YES;
				CLANG_WARN_DIRECT_OBJC_ISA_USAGE = YES_ERROR;
				CLANG_WARN_DOCUMENTATION_COMMENTS = YES;
				CLANG_WARN_EMPTY_BODY = YES;
				CLANG_WARN_ENUM_CONVERSION = YES;
				CLANG_WARN_INFINITE_RECURSION = YES;
				CLANG_WARN_INT_CONVERSION = YES;
				CLANG_WARN_NON_LITERAL_NULL_CONVERSION = YES;
				CLANG_WARN_OBJC_IMPLICIT_RETAIN_SELF = YES;
				CLANG_WARN_OBJC_LITERAL_CONVERSION = YES;
				CLANG_WARN_OBJC_ROOT_CLASS = YES_ERROR;
				CLANG_WARN_RANGE_LOOP_ANALYSIS = YES;
				CLANG_WARN_STRICT_PROTOTYPES = YES;
				CLANG_WARN_SUSPICIOUS_MOVE = YES;
				CLANG_WARN_UNGUARDED_AVAILABILITY = YES_AGGRESSIVE;
				CLANG_WARN_UNREACHABLE_CODE = YES;
				CLANG_WARN__DUPLICATE_METHOD_MATCH = YES;
				CODE_SIGN_IDENTITY = "Mac Developer";
				COPY_PHASE_STRIP = NO;
				DEBUG_INFORMATION_FORMAT = "dwarf-with-dsym";
				ENABLE_NS_ASSERTIONS = NO;
				ENABLE_STRICT_OBJC_MSGSEND = YES;
				GCC_C_LANGUAGE_STANDARD = gnu11;
				GCC_NO_COMMON_BLOCKS = YES;
				GCC_WARN_64_TO_32_BIT_CONVERSION = YES;
				GCC_WARN_ABOUT_RETURN_TYPE = YES_ERROR;
				GCC_WARN_UNDECLARED_SELECTOR = YES;
				GCC_WARN_UNINITIALIZED_AUTOS = YES_AGGRESSIVE;
				GCC_WARN_UNUSED_FUNCTION = YES;
				GCC_WARN_UNUSED_VARIABLE = YES;
				MACOSX_DEPLOYMENT_TARGET = 10.14;
				MTL_ENABLE_DEBUG_INFO = NO;
				MTL_FAST_MATH = YES;
				SDKROOT = macosx;
				SWIFT_COMPILATION_MODE = wholemodule;
				SWIFT_OPTIMIZATION_LEVEL = "-O";
			};
			name = Release;
		};
		8CAEED4E22437B3F0043440A /* Debug */ = {
			isa = XCBuildConfiguration;
			buildSettings = {
				CODE_SIGN_STYLE = Automatic;
				DEVELOPMENT_TEAM = 38RXH56U3G;
				PRODUCT_NAME = "$(TARGET_NAME)";
				SWIFT_VERSION = 4.2;
			};
			name = Debug;
		};
		8CAEED4F22437B3F0043440A /* Release */ = {
			isa = XCBuildConfiguration;
			buildSettings = {
				CODE_SIGN_STYLE = Automatic;
				DEVELOPMENT_TEAM = 38RXH56U3G;
				PRODUCT_NAME = "$(TARGET_NAME)";
				SWIFT_VERSION = 4.2;
			};
			name = Release;
		};
/* End XCBuildConfiguration section */

/* Begin XCConfigurationList section */
		8CAEED4122437B3F0043440A /* Build configuration list for PBXProject "InfoLED-Testing" */ = {
			isa = XCConfigurationList;
			buildConfigurations = (
				8CAEED4B22437B3F0043440A /* Debug */,
				8CAEED4C22437B3F0043440A /* Release */,
			);
			defaultConfigurationIsVisible = 0;
			defaultConfigurationName = Release;
		};
		8CAEED4D22437B3F0043440A /* Build configuration list for PBXNativeTarget "InfoLED-Testing" */ = {
			isa = XCConfigurationList;
			buildConfigurations = (
				8CAEED4E22437B3F0043440A /* Debug */,
				8CAEED4F22437B3F0043440A /* Release */,
			);
			defaultConfigurationIsVisible = 0;
			defaultConfigurationName = Release;
		};
/* End XCConfigurationList section */
	};
	rootObject = 8CAEED3E22437B3F0043440A /* Project object */;
}
